// !$*UTF8*$!
{
	archiveVersion = 1;
	classes = {
	};
	objectVersion = 55;
	objects = {

/* Begin PBXBuildFile section */
		1C6173AAE564B291F7947799 /* Pods_ClassToday.framework in Frameworks */ = {isa = PBXBuildFile; fileRef = D0B7506373E8876C1B9CB2FB /* Pods_ClassToday.framework */; };
		5574177D672A064BA8EACE7A /* Pods_ClassToday.framework in Frameworks */ = {isa = PBXBuildFile; fileRef = D0B7506373E8876C1B9CB2FB /* Pods_ClassToday.framework */; };
		6B7997BD27F33C4C00F37393 /* User.swift in Sources */ = {isa = PBXBuildFile; fileRef = 6B7997BC27F33C4C00F37393 /* User.swift */; };
		6B7997C027F33C5A00F37393 /* ClassItem.swift in Sources */ = {isa = PBXBuildFile; fileRef = 6B7997BF27F33C5A00F37393 /* ClassItem.swift */; };
		89098E03282015F2006EFD4E /* ClassEnrollCategoryCollectionReusableView.swift in Sources */ = {isa = PBXBuildFile; fileRef = 89098E02282015F2006EFD4E /* ClassEnrollCategoryCollectionReusableView.swift */; };
		89098E042820186E006EFD4E /* ClassEnrollCategoryCollectionReusableView.swift in Sources */ = {isa = PBXBuildFile; fileRef = 89098E02282015F2006EFD4E /* ClassEnrollCategoryCollectionReusableView.swift */; };
		89098E0628201B3D006EFD4E /* ClassEnrollCategoryCollectionViewDelegate.swift in Sources */ = {isa = PBXBuildFile; fileRef = 89098E0528201B3D006EFD4E /* ClassEnrollCategoryCollectionViewDelegate.swift */; };
		89098E0728201BA5006EFD4E /* ClassEnrollCategoryCollectionViewDelegate.swift in Sources */ = {isa = PBXBuildFile; fileRef = 89098E0528201B3D006EFD4E /* ClassEnrollCategoryCollectionViewDelegate.swift */; };
		89098E0928202C2D006EFD4E /* Extension + UITextView.swift in Sources */ = {isa = PBXBuildFile; fileRef = 89098E0828202C2D006EFD4E /* Extension + UITextView.swift */; };
		89098E0A28202CF2006EFD4E /* Extension + UITextView.swift in Sources */ = {isa = PBXBuildFile; fileRef = 89098E0828202C2D006EFD4E /* Extension + UITextView.swift */; };
		89098E0D28203A04006EFD4E /* Category.swift in Sources */ = {isa = PBXBuildFile; fileRef = 89098E0C28203A04006EFD4E /* Category.swift */; };
		89098E0E28203A23006EFD4E /* Category.swift in Sources */ = {isa = PBXBuildFile; fileRef = 89098E0C28203A04006EFD4E /* Category.swift */; };
		89098E1A2820564F006EFD4E /* EnrollImageCell.swift in Sources */ = {isa = PBXBuildFile; fileRef = 89098E192820564F006EFD4E /* EnrollImageCell.swift */; };
		89098E1D2820C445006EFD4E /* NewClassEnrollViewController.swift in Sources */ = {isa = PBXBuildFile; fileRef = 89098E1C2820C445006EFD4E /* NewClassEnrollViewController.swift */; };
		89098E202820C6A9006EFD4E /* NewClassEnrollTableViewDataSource.swift in Sources */ = {isa = PBXBuildFile; fileRef = 89098E1F2820C6A9006EFD4E /* NewClassEnrollTableViewDataSource.swift */; };
		89098E222820C80E006EFD4E /* NewClassEnrollViewController.swift in Sources */ = {isa = PBXBuildFile; fileRef = 89098E1C2820C445006EFD4E /* NewClassEnrollViewController.swift */; };
		89098E232820C811006EFD4E /* EnrollImageCell.swift in Sources */ = {isa = PBXBuildFile; fileRef = 89098E192820564F006EFD4E /* EnrollImageCell.swift */; };
		89098E252820E636006EFD4E /* EnrollNameCell.swift in Sources */ = {isa = PBXBuildFile; fileRef = 89098E242820E636006EFD4E /* EnrollNameCell.swift */; };
		89098E262820E71B006EFD4E /* EnrollNameCell.swift in Sources */ = {isa = PBXBuildFile; fileRef = 89098E242820E636006EFD4E /* EnrollNameCell.swift */; };
		89098E282820EF75006EFD4E /* EnrollTimeCell.swift in Sources */ = {isa = PBXBuildFile; fileRef = 89098E272820EF75006EFD4E /* EnrollTimeCell.swift */; };
		89098E292820F01D006EFD4E /* EnrollTimeCell.swift in Sources */ = {isa = PBXBuildFile; fileRef = 89098E272820EF75006EFD4E /* EnrollTimeCell.swift */; };
		89098E2B2820F124006EFD4E /* EnrollDateCell.swift in Sources */ = {isa = PBXBuildFile; fileRef = 89098E2A2820F124006EFD4E /* EnrollDateCell.swift */; };
		89098E2C2820F18A006EFD4E /* EnrollDateCell.swift in Sources */ = {isa = PBXBuildFile; fileRef = 89098E2A2820F124006EFD4E /* EnrollDateCell.swift */; };
		89098E2E2820F996006EFD4E /* EnrollPlaceCell.swift in Sources */ = {isa = PBXBuildFile; fileRef = 89098E2D2820F996006EFD4E /* EnrollPlaceCell.swift */; };
		89098E2F2820FA23006EFD4E /* EnrollPlaceCell.swift in Sources */ = {isa = PBXBuildFile; fileRef = 89098E2D2820F996006EFD4E /* EnrollPlaceCell.swift */; };
		89098E312820FA5B006EFD4E /* EnrollPriceCell.swift in Sources */ = {isa = PBXBuildFile; fileRef = 89098E302820FA5B006EFD4E /* EnrollPriceCell.swift */; };
		89098E322820FAE0006EFD4E /* EnrollPriceCell.swift in Sources */ = {isa = PBXBuildFile; fileRef = 89098E302820FA5B006EFD4E /* EnrollPriceCell.swift */; };
		89098E342820FB4F006EFD4E /* EnrollDescriptionCell.swift in Sources */ = {isa = PBXBuildFile; fileRef = 89098E332820FB4F006EFD4E /* EnrollDescriptionCell.swift */; };
		89098E352820FB9D006EFD4E /* EnrollDescriptionCell.swift in Sources */ = {isa = PBXBuildFile; fileRef = 89098E332820FB4F006EFD4E /* EnrollDescriptionCell.swift */; };
		89098E372820FE5C006EFD4E /* EnrollCategorySubjectCell.swift in Sources */ = {isa = PBXBuildFile; fileRef = 89098E362820FE5C006EFD4E /* EnrollCategorySubjectCell.swift */; };
		89098E382820FF1C006EFD4E /* EnrollCategorySubjectCell.swift in Sources */ = {isa = PBXBuildFile; fileRef = 89098E362820FE5C006EFD4E /* EnrollCategorySubjectCell.swift */; };
		893D70E4281B1935006CD232 /* ClassEnrollCategoryCollectionViewCell.swift in Sources */ = {isa = PBXBuildFile; fileRef = 893D70E3281B1935006CD232 /* ClassEnrollCategoryCollectionViewCell.swift */; };
		893D70E5281BA4DB006CD232 /* ClassEnrollCategoryCollectionViewCell.swift in Sources */ = {isa = PBXBuildFile; fileRef = 893D70E3281B1935006CD232 /* ClassEnrollCategoryCollectionViewCell.swift */; };
		895D107627F32DCA009FB26F /* AppDelegate.swift in Sources */ = {isa = PBXBuildFile; fileRef = 895D107527F32DCA009FB26F /* AppDelegate.swift */; };
		895D107827F32DCA009FB26F /* SceneDelegate.swift in Sources */ = {isa = PBXBuildFile; fileRef = 895D107727F32DCA009FB26F /* SceneDelegate.swift */; };
		895D107A27F32DCA009FB26F /* ClassEnrollViewController.swift in Sources */ = {isa = PBXBuildFile; fileRef = 895D107927F32DCA009FB26F /* ClassEnrollViewController.swift */; };
		895D107F27F32DCB009FB26F /* Assets.xcassets in Resources */ = {isa = PBXBuildFile; fileRef = 895D107E27F32DCB009FB26F /* Assets.xcassets */; };
		895D108227F32DCB009FB26F /* LaunchScreen.storyboard in Resources */ = {isa = PBXBuildFile; fileRef = 895D108027F32DCB009FB26F /* LaunchScreen.storyboard */; };
		8966CF56280EEC18001CBBDC /* ClassImageEnrollCell.swift in Sources */ = {isa = PBXBuildFile; fileRef = 89A0CD3E280D4E17006FDF89 /* ClassImageEnrollCell.swift */; };
		8966CF5B28100652001CBBDC /* FullImagesViewController.swift in Sources */ = {isa = PBXBuildFile; fileRef = 8966CF5A28100652001CBBDC /* FullImagesViewController.swift */; };
		8966CF5C28100AFE001CBBDC /* FullImagesViewController.swift in Sources */ = {isa = PBXBuildFile; fileRef = 8966CF5A28100652001CBBDC /* FullImagesViewController.swift */; };
		8966CF5E2810787C001CBBDC /* ClassImageView.swift in Sources */ = {isa = PBXBuildFile; fileRef = 8966CF5D2810787C001CBBDC /* ClassImageView.swift */; };
		8966CF5F281079C2001CBBDC /* ClassImageView.swift in Sources */ = {isa = PBXBuildFile; fileRef = 8966CF5D2810787C001CBBDC /* ClassImageView.swift */; };
		89A0CD3C280D441A006FDF89 /* ClassImageCell.swift in Sources */ = {isa = PBXBuildFile; fileRef = 89A0CD3B280D441A006FDF89 /* ClassImageCell.swift */; };
		89A0CD3D280D4656006FDF89 /* ClassImageCell.swift in Sources */ = {isa = PBXBuildFile; fileRef = 89A0CD3B280D441A006FDF89 /* ClassImageCell.swift */; };
		89A0CD3F280D4E17006FDF89 /* ClassImageEnrollCell.swift in Sources */ = {isa = PBXBuildFile; fileRef = 89A0CD3E280D4E17006FDF89 /* ClassImageEnrollCell.swift */; };
		89A3391E281E5A2000DBD319 /* ClassEnrollCategoryCollectionViewDataSource.swift in Sources */ = {isa = PBXBuildFile; fileRef = 89A3391D281E5A2000DBD319 /* ClassEnrollCategoryCollectionViewDataSource.swift */; };
		89A3391F281E5A7400DBD319 /* ClassEnrollCategoryCollectionViewDataSource.swift in Sources */ = {isa = PBXBuildFile; fileRef = 89A3391D281E5A2000DBD319 /* ClassEnrollCategoryCollectionViewDataSource.swift */; };
		89AB8C64280D30E4003BC6C5 /* User.swift in Sources */ = {isa = PBXBuildFile; fileRef = 6B7997BC27F33C4C00F37393 /* User.swift */; };
		89AB8C65280D30E4003BC6C5 /* ClassEnrollViewController.swift in Sources */ = {isa = PBXBuildFile; fileRef = 895D107927F32DCA009FB26F /* ClassEnrollViewController.swift */; };
		89AB8C66280D30E4003BC6C5 /* AppDelegate.swift in Sources */ = {isa = PBXBuildFile; fileRef = 895D107527F32DCA009FB26F /* AppDelegate.swift */; };
		89AB8C67280D30E4003BC6C5 /* SceneDelegate.swift in Sources */ = {isa = PBXBuildFile; fileRef = 895D107727F32DCA009FB26F /* SceneDelegate.swift */; };
		89AB8C68280D30E4003BC6C5 /* ClassItem.swift in Sources */ = {isa = PBXBuildFile; fileRef = 6B7997BF27F33C5A00F37393 /* ClassItem.swift */; };
		89AB8C6A280D30E4003BC6C5 /* SnapKit in Frameworks */ = {isa = PBXBuildFile; productRef = 89AB8C59280D30E4003BC6C5 /* SnapKit */; };
		89AB8C6E280D30E4003BC6C5 /* Alamofire in Frameworks */ = {isa = PBXBuildFile; productRef = 89AB8C5B280D30E4003BC6C5 /* Alamofire */; };
		89AB8C72280D30E4003BC6C5 /* LaunchScreen.storyboard in Resources */ = {isa = PBXBuildFile; fileRef = 895D108027F32DCB009FB26F /* LaunchScreen.storyboard */; };
		89AB8C73280D30E4003BC6C5 /* Assets.xcassets in Resources */ = {isa = PBXBuildFile; fileRef = 895D107E27F32DCB009FB26F /* Assets.xcassets */; };
		89AB8C7A280D32FA003BC6C5 /* MainViewController.swift in Sources */ = {isa = PBXBuildFile; fileRef = 89AB8C79280D32FA003BC6C5 /* MainViewController.swift */; };
		89AB8C7B280D394D003BC6C5 /* MainViewController.swift in Sources */ = {isa = PBXBuildFile; fileRef = 89AB8C79280D32FA003BC6C5 /* MainViewController.swift */; };
		89C26A8C2811EC3A00648206 /* Extension + UITextField.swift in Sources */ = {isa = PBXBuildFile; fileRef = 89C26A8B2811EC3A00648206 /* Extension + UITextField.swift */; };
		89C26A8E2811ED1C00648206 /* Extension + UITextField.swift in Sources */ = {isa = PBXBuildFile; fileRef = 89C26A8B2811EC3A00648206 /* Extension + UITextField.swift */; };
		89C26A912811EE1300648206 /* Extension + PHPickerViewController.swift in Sources */ = {isa = PBXBuildFile; fileRef = 89C26A902811EE1300648206 /* Extension + PHPickerViewController.swift */; };
		89C26A922811EE5D00648206 /* Extension + PHPickerViewController.swift in Sources */ = {isa = PBXBuildFile; fileRef = 89C26A902811EE1300648206 /* Extension + PHPickerViewController.swift */; };
		89C26A942812A27900648206 /* ClassEnrollCategoryCollectionView.swift in Sources */ = {isa = PBXBuildFile; fileRef = 89C26A932812A27900648206 /* ClassEnrollCategoryCollectionView.swift */; };
		89C26A952812A35800648206 /* ClassEnrollCategoryCollectionView.swift in Sources */ = {isa = PBXBuildFile; fileRef = 89C26A932812A27900648206 /* ClassEnrollCategoryCollectionView.swift */; };
		9196AAD50C5BE048B1FD35B8 /* Pods_ClassToday.framework in Frameworks */ = {isa = PBXBuildFile; fileRef = D0B7506373E8876C1B9CB2FB /* Pods_ClassToday.framework */; };
		FCD0448927F334F20005C5B3 /* SnapKit in Frameworks */ = {isa = PBXBuildFile; productRef = FCD0448827F334F20005C5B3 /* SnapKit */; };
		FCD0448C27F3351F0005C5B3 /* Alamofire in Frameworks */ = {isa = PBXBuildFile; productRef = FCD0448B27F3351F0005C5B3 /* Alamofire */; };
		FCD0448F27F336450005C5B3 /* FirebaseAuth in Frameworks */ = {isa = PBXBuildFile; productRef = FCD0448E27F336450005C5B3 /* FirebaseAuth */; };
		FCD0449127F336450005C5B3 /* FirebaseFirestore in Frameworks */ = {isa = PBXBuildFile; productRef = FCD0449027F336450005C5B3 /* FirebaseFirestore */; };
		FCD0449327F336450005C5B3 /* FirebaseFirestoreSwift-Beta in Frameworks */ = {isa = PBXBuildFile; productRef = FCD0449227F336450005C5B3 /* FirebaseFirestoreSwift-Beta */; };
		FCD0449527F336450005C5B3 /* FirebaseStorage in Frameworks */ = {isa = PBXBuildFile; productRef = FCD0449427F336450005C5B3 /* FirebaseStorage */; };
/* End PBXBuildFile section */

/* Begin PBXFileReference section */
		6B7997BC27F33C4C00F37393 /* User.swift */ = {isa = PBXFileReference; lastKnownFileType = sourcecode.swift; path = User.swift; sourceTree = "<group>"; };
		6B7997BF27F33C5A00F37393 /* ClassItem.swift */ = {isa = PBXFileReference; lastKnownFileType = sourcecode.swift; path = ClassItem.swift; sourceTree = "<group>"; };
		84BBBEB094FE4B7ECA803F6C /* Pods-ClassToday.debug.xcconfig */ = {isa = PBXFileReference; includeInIndex = 1; lastKnownFileType = text.xcconfig; name = "Pods-ClassToday.debug.xcconfig"; path = "Target Support Files/Pods-ClassToday/Pods-ClassToday.debug.xcconfig"; sourceTree = "<group>"; };
		89098E02282015F2006EFD4E /* ClassEnrollCategoryCollectionReusableView.swift */ = {isa = PBXFileReference; lastKnownFileType = sourcecode.swift; path = ClassEnrollCategoryCollectionReusableView.swift; sourceTree = "<group>"; };
		89098E0528201B3D006EFD4E /* ClassEnrollCategoryCollectionViewDelegate.swift */ = {isa = PBXFileReference; lastKnownFileType = sourcecode.swift; path = ClassEnrollCategoryCollectionViewDelegate.swift; sourceTree = "<group>"; };
		89098E0828202C2D006EFD4E /* Extension + UITextView.swift */ = {isa = PBXFileReference; lastKnownFileType = sourcecode.swift; path = "Extension + UITextView.swift"; sourceTree = "<group>"; };
		89098E0C28203A04006EFD4E /* Category.swift */ = {isa = PBXFileReference; lastKnownFileType = sourcecode.swift; path = Category.swift; sourceTree = "<group>"; };
		89098E192820564F006EFD4E /* EnrollImageCell.swift */ = {isa = PBXFileReference; lastKnownFileType = sourcecode.swift; path = EnrollImageCell.swift; sourceTree = "<group>"; };
		89098E1C2820C445006EFD4E /* NewClassEnrollViewController.swift */ = {isa = PBXFileReference; lastKnownFileType = sourcecode.swift; path = NewClassEnrollViewController.swift; sourceTree = "<group>"; };
		89098E1F2820C6A9006EFD4E /* NewClassEnrollTableViewDataSource.swift */ = {isa = PBXFileReference; lastKnownFileType = sourcecode.swift; path = NewClassEnrollTableViewDataSource.swift; sourceTree = "<group>"; };
		89098E242820E636006EFD4E /* EnrollNameCell.swift */ = {isa = PBXFileReference; lastKnownFileType = sourcecode.swift; path = EnrollNameCell.swift; sourceTree = "<group>"; };
		89098E272820EF75006EFD4E /* EnrollTimeCell.swift */ = {isa = PBXFileReference; lastKnownFileType = sourcecode.swift; path = EnrollTimeCell.swift; sourceTree = "<group>"; };
		89098E2A2820F124006EFD4E /* EnrollDateCell.swift */ = {isa = PBXFileReference; lastKnownFileType = sourcecode.swift; path = EnrollDateCell.swift; sourceTree = "<group>"; };
		89098E2D2820F996006EFD4E /* EnrollPlaceCell.swift */ = {isa = PBXFileReference; lastKnownFileType = sourcecode.swift; path = EnrollPlaceCell.swift; sourceTree = "<group>"; };
		89098E302820FA5B006EFD4E /* EnrollPriceCell.swift */ = {isa = PBXFileReference; lastKnownFileType = sourcecode.swift; path = EnrollPriceCell.swift; sourceTree = "<group>"; };
		89098E332820FB4F006EFD4E /* EnrollDescriptionCell.swift */ = {isa = PBXFileReference; lastKnownFileType = sourcecode.swift; path = EnrollDescriptionCell.swift; sourceTree = "<group>"; };
		89098E362820FE5C006EFD4E /* EnrollCategorySubjectCell.swift */ = {isa = PBXFileReference; lastKnownFileType = sourcecode.swift; path = EnrollCategorySubjectCell.swift; sourceTree = "<group>"; };
		893D70E3281B1935006CD232 /* ClassEnrollCategoryCollectionViewCell.swift */ = {isa = PBXFileReference; lastKnownFileType = sourcecode.swift; path = ClassEnrollCategoryCollectionViewCell.swift; sourceTree = "<group>"; };
		895D107227F32DCA009FB26F /* ClassToday.app */ = {isa = PBXFileReference; explicitFileType = wrapper.application; includeInIndex = 0; path = ClassToday.app; sourceTree = BUILT_PRODUCTS_DIR; };
		895D107527F32DCA009FB26F /* AppDelegate.swift */ = {isa = PBXFileReference; lastKnownFileType = sourcecode.swift; path = AppDelegate.swift; sourceTree = "<group>"; };
		895D107727F32DCA009FB26F /* SceneDelegate.swift */ = {isa = PBXFileReference; lastKnownFileType = sourcecode.swift; path = SceneDelegate.swift; sourceTree = "<group>"; };
		895D107927F32DCA009FB26F /* ClassEnrollViewController.swift */ = {isa = PBXFileReference; lastKnownFileType = sourcecode.swift; path = ClassEnrollViewController.swift; sourceTree = "<group>"; };
		895D107E27F32DCB009FB26F /* Assets.xcassets */ = {isa = PBXFileReference; lastKnownFileType = folder.assetcatalog; path = Assets.xcassets; sourceTree = "<group>"; };
		895D108127F32DCB009FB26F /* Base */ = {isa = PBXFileReference; lastKnownFileType = file.storyboard; name = Base; path = Base.lproj/LaunchScreen.storyboard; sourceTree = "<group>"; };
		895D108327F32DCB009FB26F /* Info.plist */ = {isa = PBXFileReference; lastKnownFileType = text.plist.xml; path = Info.plist; sourceTree = "<group>"; };
		8966CF5A28100652001CBBDC /* FullImagesViewController.swift */ = {isa = PBXFileReference; lastKnownFileType = sourcecode.swift; path = FullImagesViewController.swift; sourceTree = "<group>"; };
		8966CF5D2810787C001CBBDC /* ClassImageView.swift */ = {isa = PBXFileReference; lastKnownFileType = sourcecode.swift; path = ClassImageView.swift; sourceTree = "<group>"; };
		89A0CD3B280D441A006FDF89 /* ClassImageCell.swift */ = {isa = PBXFileReference; lastKnownFileType = sourcecode.swift; path = ClassImageCell.swift; sourceTree = "<group>"; };
		89A0CD3E280D4E17006FDF89 /* ClassImageEnrollCell.swift */ = {isa = PBXFileReference; lastKnownFileType = sourcecode.swift; path = ClassImageEnrollCell.swift; sourceTree = "<group>"; };
		89A3391D281E5A2000DBD319 /* ClassEnrollCategoryCollectionViewDataSource.swift */ = {isa = PBXFileReference; lastKnownFileType = sourcecode.swift; path = ClassEnrollCategoryCollectionViewDataSource.swift; sourceTree = "<group>"; };
		89AB8C77280D30E4003BC6C5 /* ClassToday_NonFirebase.app */ = {isa = PBXFileReference; explicitFileType = wrapper.application; includeInIndex = 0; path = ClassToday_NonFirebase.app; sourceTree = BUILT_PRODUCTS_DIR; };
		89AB8C78280D30E5003BC6C5 /* ClassToday NonFirebase-Info.plist */ = {isa = PBXFileReference; lastKnownFileType = text.plist.xml; name = "ClassToday NonFirebase-Info.plist"; path = "/Users/yescoach/ClassToday/ClassToday/ClassToday NonFirebase-Info.plist"; sourceTree = "<absolute>"; };
		89AB8C79280D32FA003BC6C5 /* MainViewController.swift */ = {isa = PBXFileReference; lastKnownFileType = sourcecode.swift; path = MainViewController.swift; sourceTree = "<group>"; };
		89C26A8B2811EC3A00648206 /* Extension + UITextField.swift */ = {isa = PBXFileReference; lastKnownFileType = sourcecode.swift; path = "Extension + UITextField.swift"; sourceTree = "<group>"; };
		89C26A902811EE1300648206 /* Extension + PHPickerViewController.swift */ = {isa = PBXFileReference; lastKnownFileType = sourcecode.swift; path = "Extension + PHPickerViewController.swift"; sourceTree = "<group>"; };
		89C26A932812A27900648206 /* ClassEnrollCategoryCollectionView.swift */ = {isa = PBXFileReference; lastKnownFileType = sourcecode.swift; path = ClassEnrollCategoryCollectionView.swift; sourceTree = "<group>"; };
		D0B7506373E8876C1B9CB2FB /* Pods_ClassToday.framework */ = {isa = PBXFileReference; explicitFileType = wrapper.framework; includeInIndex = 0; path = Pods_ClassToday.framework; sourceTree = BUILT_PRODUCTS_DIR; };
		E7FF7A0220DE013346881477 /* Pods-ClassToday.release.xcconfig */ = {isa = PBXFileReference; includeInIndex = 1; lastKnownFileType = text.xcconfig; name = "Pods-ClassToday.release.xcconfig"; path = "Target Support Files/Pods-ClassToday/Pods-ClassToday.release.xcconfig"; sourceTree = "<group>"; };
/* End PBXFileReference section */

/* Begin PBXFrameworksBuildPhase section */
		895D106F27F32DCA009FB26F /* Frameworks */ = {
			isa = PBXFrameworksBuildPhase;
			buildActionMask = 2147483647;
			files = (
				FCD0448927F334F20005C5B3 /* SnapKit in Frameworks */,
				FCD0449127F336450005C5B3 /* FirebaseFirestore in Frameworks */,
				FCD0449327F336450005C5B3 /* FirebaseFirestoreSwift-Beta in Frameworks */,
				FCD0448F27F336450005C5B3 /* FirebaseAuth in Frameworks */,
				FCD0448C27F3351F0005C5B3 /* Alamofire in Frameworks */,
				FCD0449527F336450005C5B3 /* FirebaseStorage in Frameworks */,
				9196AAD50C5BE048B1FD35B8 /* Pods_ClassToday.framework in Frameworks */,
				1C6173AAE564B291F7947799 /* Pods_ClassToday.framework in Frameworks */,
				5574177D672A064BA8EACE7A /* Pods_ClassToday.framework in Frameworks */,
			);
			runOnlyForDeploymentPostprocessing = 0;
		};
		89AB8C69280D30E4003BC6C5 /* Frameworks */ = {
			isa = PBXFrameworksBuildPhase;
			buildActionMask = 2147483647;
			files = (
				89AB8C6A280D30E4003BC6C5 /* SnapKit in Frameworks */,
				89AB8C6E280D30E4003BC6C5 /* Alamofire in Frameworks */,
			);
			runOnlyForDeploymentPostprocessing = 0;
		};
/* End PBXFrameworksBuildPhase section */

/* Begin PBXGroup section */
		50ADC23D7B4CF06FDA3D0EBF /* Pods */ = {
			isa = PBXGroup;
			children = (
				84BBBEB094FE4B7ECA803F6C /* Pods-ClassToday.debug.xcconfig */,
				E7FF7A0220DE013346881477 /* Pods-ClassToday.release.xcconfig */,
			);
			path = Pods;
			sourceTree = "<group>";
		};
		6234D5C0F25079B940207F21 /* Frameworks */ = {
			isa = PBXGroup;
			children = (
				D0B7506373E8876C1B9CB2FB /* Pods_ClassToday.framework */,
			);
			name = Frameworks;
			sourceTree = "<group>";
		};
		6B7997BE27F33C4F00F37393 /* Model */ = {
			isa = PBXGroup;
			children = (
				6B7997BF27F33C5A00F37393 /* ClassItem.swift */,
				6B7997BC27F33C4C00F37393 /* User.swift */,
				89098E0C28203A04006EFD4E /* Category.swift */,
			);
			path = Model;
			sourceTree = "<group>";
		};
		89098E1E2820C61B006EFD4E /* New Group */ = {
			isa = PBXGroup;
			children = (
				89098E1C2820C445006EFD4E /* NewClassEnrollViewController.swift */,
				89098E192820564F006EFD4E /* EnrollImageCell.swift */,
				89098E242820E636006EFD4E /* EnrollNameCell.swift */,
				89098E272820EF75006EFD4E /* EnrollTimeCell.swift */,
				89098E2A2820F124006EFD4E /* EnrollDateCell.swift */,
				89098E2D2820F996006EFD4E /* EnrollPlaceCell.swift */,
				89098E302820FA5B006EFD4E /* EnrollPriceCell.swift */,
				89098E332820FB4F006EFD4E /* EnrollDescriptionCell.swift */,
				89098E362820FE5C006EFD4E /* EnrollCategorySubjectCell.swift */,
				89098E1F2820C6A9006EFD4E /* NewClassEnrollTableViewDataSource.swift */,
			);
			name = "New Group";
			path = ViewController;
			sourceTree = "<group>";
		};
		895D106927F32DCA009FB26F = {
			isa = PBXGroup;
			children = (
				895D107427F32DCA009FB26F /* ClassToday */,
				895D107327F32DCA009FB26F /* Products */,
				50ADC23D7B4CF06FDA3D0EBF /* Pods */,
				6234D5C0F25079B940207F21 /* Frameworks */,
				89AB8C78280D30E5003BC6C5 /* ClassToday NonFirebase-Info.plist */,
			);
			sourceTree = "<group>";
		};
		895D107327F32DCA009FB26F /* Products */ = {
			isa = PBXGroup;
			children = (
				895D107227F32DCA009FB26F /* ClassToday.app */,
				89AB8C77280D30E4003BC6C5 /* ClassToday_NonFirebase.app */,
			);
			name = Products;
			sourceTree = "<group>";
		};
		895D107427F32DCA009FB26F /* ClassToday */ = {
			isa = PBXGroup;
			children = (
				89C26A8D2811ED0200648206 /* Resources */,
				89098E1E2820C61B006EFD4E /* New Group */,
				89C26A8A2811EC1F00648206 /* ViewController */,
				89C26A892811EC1400648206 /* View */,
				6B7997BE27F33C4F00F37393 /* Model */,
				89C26A8F2811ED9200648206 /* Extensions */,
				895D107E27F32DCB009FB26F /* Assets.xcassets */,
				895D108027F32DCB009FB26F /* LaunchScreen.storyboard */,
				895D108327F32DCB009FB26F /* Info.plist */,
			);
			path = ClassToday;
			sourceTree = "<group>";
		};
		89C26A892811EC1400648206 /* View */ = {
			isa = PBXGroup;
			children = (
				8966CF5D2810787C001CBBDC /* ClassImageView.swift */,
				89A0CD3B280D441A006FDF89 /* ClassImageCell.swift */,
				89A0CD3E280D4E17006FDF89 /* ClassImageEnrollCell.swift */,
				89C26A932812A27900648206 /* ClassEnrollCategoryCollectionView.swift */,
				89098E02282015F2006EFD4E /* ClassEnrollCategoryCollectionReusableView.swift */,
				893D70E3281B1935006CD232 /* ClassEnrollCategoryCollectionViewCell.swift */,
				89A3391D281E5A2000DBD319 /* ClassEnrollCategoryCollectionViewDataSource.swift */,
				89098E0528201B3D006EFD4E /* ClassEnrollCategoryCollectionViewDelegate.swift */,
			);
			path = View;
			sourceTree = "<group>";
		};
		89C26A8A2811EC1F00648206 /* ViewController */ = {
			isa = PBXGroup;
			children = (
				895D107927F32DCA009FB26F /* ClassEnrollViewController.swift */,
				89AB8C79280D32FA003BC6C5 /* MainViewController.swift */,
				8966CF5A28100652001CBBDC /* FullImagesViewController.swift */,
			);
			path = ViewController;
			sourceTree = "<group>";
		};
		89C26A8D2811ED0200648206 /* Resources */ = {
			isa = PBXGroup;
			children = (
				895D107527F32DCA009FB26F /* AppDelegate.swift */,
				895D107727F32DCA009FB26F /* SceneDelegate.swift */,
			);
			path = Resources;
			sourceTree = "<group>";
		};
		89C26A8F2811ED9200648206 /* Extensions */ = {
			isa = PBXGroup;
			children = (
				89098E0828202C2D006EFD4E /* Extension + UITextView.swift */,
				89C26A8B2811EC3A00648206 /* Extension + UITextField.swift */,
				89C26A902811EE1300648206 /* Extension + PHPickerViewController.swift */,
			);
			path = Extensions;
			sourceTree = "<group>";
		};
/* End PBXGroup section */

/* Begin PBXNativeTarget section */
		895D107127F32DCA009FB26F /* ClassToday */ = {
			isa = PBXNativeTarget;
			buildConfigurationList = 895D108627F32DCB009FB26F /* Build configuration list for PBXNativeTarget "ClassToday" */;
			buildPhases = (
				92BA0BC8EE3F3A9B74A237FB /* [CP] Check Pods Manifest.lock */,
				895D106E27F32DCA009FB26F /* Sources */,
				895D106F27F32DCA009FB26F /* Frameworks */,
				895D107027F32DCA009FB26F /* Resources */,
			);
			buildRules = (
			);
			dependencies = (
			);
			name = ClassToday;
			packageProductDependencies = (
				FCD0448827F334F20005C5B3 /* SnapKit */,
				FCD0448B27F3351F0005C5B3 /* Alamofire */,
				FCD0448E27F336450005C5B3 /* FirebaseAuth */,
				FCD0449027F336450005C5B3 /* FirebaseFirestore */,
				FCD0449227F336450005C5B3 /* FirebaseFirestoreSwift-Beta */,
				FCD0449427F336450005C5B3 /* FirebaseStorage */,
			);
			productName = ClassToday;
			productReference = 895D107227F32DCA009FB26F /* ClassToday.app */;
			productType = "com.apple.product-type.application";
		};
		89AB8C58280D30E4003BC6C5 /* ClassToday_NonFirebase */ = {
			isa = PBXNativeTarget;
			buildConfigurationList = 89AB8C74280D30E4003BC6C5 /* Build configuration list for PBXNativeTarget "ClassToday_NonFirebase" */;
			buildPhases = (
				89AB8C63280D30E4003BC6C5 /* Sources */,
				89AB8C69280D30E4003BC6C5 /* Frameworks */,
				89AB8C71280D30E4003BC6C5 /* Resources */,
			);
			buildRules = (
			);
			dependencies = (
			);
			name = ClassToday_NonFirebase;
			packageProductDependencies = (
				89AB8C59280D30E4003BC6C5 /* SnapKit */,
				89AB8C5B280D30E4003BC6C5 /* Alamofire */,
			);
			productName = ClassToday;
			productReference = 89AB8C77280D30E4003BC6C5 /* ClassToday_NonFirebase.app */;
			productType = "com.apple.product-type.application";
		};
/* End PBXNativeTarget section */

/* Begin PBXProject section */
		895D106A27F32DCA009FB26F /* Project object */ = {
			isa = PBXProject;
			attributes = {
				BuildIndependentTargetsInParallel = 1;
				LastSwiftUpdateCheck = 1310;
				LastUpgradeCheck = 1310;
				TargetAttributes = {
					895D107127F32DCA009FB26F = {
						CreatedOnToolsVersion = 13.1;
					};
				};
			};
			buildConfigurationList = 895D106D27F32DCA009FB26F /* Build configuration list for PBXProject "ClassToday" */;
			compatibilityVersion = "Xcode 13.0";
			developmentRegion = en;
			hasScannedForEncodings = 0;
			knownRegions = (
				en,
				Base,
			);
			mainGroup = 895D106927F32DCA009FB26F;
			packageReferences = (
				FCD0448727F334F20005C5B3 /* XCRemoteSwiftPackageReference "SnapKit" */,
				FCD0448A27F3351F0005C5B3 /* XCRemoteSwiftPackageReference "Alamofire" */,
				FCD0448D27F336450005C5B3 /* XCRemoteSwiftPackageReference "firebase-ios-sdk" */,
			);
			productRefGroup = 895D107327F32DCA009FB26F /* Products */;
			projectDirPath = "";
			projectRoot = "";
			targets = (
				895D107127F32DCA009FB26F /* ClassToday */,
				89AB8C58280D30E4003BC6C5 /* ClassToday_NonFirebase */,
			);
		};
/* End PBXProject section */

/* Begin PBXResourcesBuildPhase section */
		895D107027F32DCA009FB26F /* Resources */ = {
			isa = PBXResourcesBuildPhase;
			buildActionMask = 2147483647;
			files = (
				895D108227F32DCB009FB26F /* LaunchScreen.storyboard in Resources */,
				895D107F27F32DCB009FB26F /* Assets.xcassets in Resources */,
			);
			runOnlyForDeploymentPostprocessing = 0;
		};
		89AB8C71280D30E4003BC6C5 /* Resources */ = {
			isa = PBXResourcesBuildPhase;
			buildActionMask = 2147483647;
			files = (
				89AB8C72280D30E4003BC6C5 /* LaunchScreen.storyboard in Resources */,
				89AB8C73280D30E4003BC6C5 /* Assets.xcassets in Resources */,
			);
			runOnlyForDeploymentPostprocessing = 0;
		};
/* End PBXResourcesBuildPhase section */

/* Begin PBXShellScriptBuildPhase section */
		92BA0BC8EE3F3A9B74A237FB /* [CP] Check Pods Manifest.lock */ = {
			isa = PBXShellScriptBuildPhase;
			buildActionMask = 2147483647;
			files = (
			);
			inputFileListPaths = (
			);
			inputPaths = (
				"${PODS_PODFILE_DIR_PATH}/Podfile.lock",
				"${PODS_ROOT}/Manifest.lock",
			);
			name = "[CP] Check Pods Manifest.lock";
			outputFileListPaths = (
			);
			outputPaths = (
				"$(DERIVED_FILE_DIR)/Pods-ClassToday-checkManifestLockResult.txt",
			);
			runOnlyForDeploymentPostprocessing = 0;
			shellPath = /bin/sh;
			shellScript = "diff \"${PODS_PODFILE_DIR_PATH}/Podfile.lock\" \"${PODS_ROOT}/Manifest.lock\" > /dev/null\nif [ $? != 0 ] ; then\n    # print error to STDERR\n    echo \"error: The sandbox is not in sync with the Podfile.lock. Run 'pod install' or update your CocoaPods installation.\" >&2\n    exit 1\nfi\n# This output is used by Xcode 'outputs' to avoid re-running this script phase.\necho \"SUCCESS\" > \"${SCRIPT_OUTPUT_FILE_0}\"\n";
			showEnvVarsInLog = 0;
		};
/* End PBXShellScriptBuildPhase section */

/* Begin PBXSourcesBuildPhase section */
		895D106E27F32DCA009FB26F /* Sources */ = {
			isa = PBXSourcesBuildPhase;
			buildActionMask = 2147483647;
			files = (
				89098E252820E636006EFD4E /* EnrollNameCell.swift in Sources */,
				89098E202820C6A9006EFD4E /* NewClassEnrollTableViewDataSource.swift in Sources */,
				89A3391E281E5A2000DBD319 /* ClassEnrollCategoryCollectionViewDataSource.swift in Sources */,
				89098E0628201B3D006EFD4E /* ClassEnrollCategoryCollectionViewDelegate.swift in Sources */,
				89098E0D28203A04006EFD4E /* Category.swift in Sources */,
				6B7997BD27F33C4C00F37393 /* User.swift in Sources */,
				895D107A27F32DCA009FB26F /* ClassEnrollViewController.swift in Sources */,
				89098E372820FE5C006EFD4E /* EnrollCategorySubjectCell.swift in Sources */,
				89098E2B2820F124006EFD4E /* EnrollDateCell.swift in Sources */,
				89098E03282015F2006EFD4E /* ClassEnrollCategoryCollectionReusableView.swift in Sources */,
				89C26A8C2811EC3A00648206 /* Extension + UITextField.swift in Sources */,
				89098E1A2820564F006EFD4E /* EnrollImageCell.swift in Sources */,
				89098E2E2820F996006EFD4E /* EnrollPlaceCell.swift in Sources */,
				895D107627F32DCA009FB26F /* AppDelegate.swift in Sources */,
				89A0CD3F280D4E17006FDF89 /* ClassImageEnrollCell.swift in Sources */,
				89AB8C7A280D32FA003BC6C5 /* MainViewController.swift in Sources */,
				89098E312820FA5B006EFD4E /* EnrollPriceCell.swift in Sources */,
				89A0CD3C280D441A006FDF89 /* ClassImageCell.swift in Sources */,
				895D107827F32DCA009FB26F /* SceneDelegate.swift in Sources */,
				89098E342820FB4F006EFD4E /* EnrollDescriptionCell.swift in Sources */,
				89C26A912811EE1300648206 /* Extension + PHPickerViewController.swift in Sources */,
				8966CF5B28100652001CBBDC /* FullImagesViewController.swift in Sources */,
				89098E0928202C2D006EFD4E /* Extension + UITextView.swift in Sources */,
				6B7997C027F33C5A00F37393 /* ClassItem.swift in Sources */,
				89098E1D2820C445006EFD4E /* NewClassEnrollViewController.swift in Sources */,
				89C26A942812A27900648206 /* ClassEnrollCategoryCollectionView.swift in Sources */,
				8966CF5E2810787C001CBBDC /* ClassImageView.swift in Sources */,
				893D70E4281B1935006CD232 /* ClassEnrollCategoryCollectionViewCell.swift in Sources */,
				89098E282820EF75006EFD4E /* EnrollTimeCell.swift in Sources */,
			);
			runOnlyForDeploymentPostprocessing = 0;
		};
		89AB8C63280D30E4003BC6C5 /* Sources */ = {
			isa = PBXSourcesBuildPhase;
			buildActionMask = 2147483647;
			files = (
				89AB8C64280D30E4003BC6C5 /* User.swift in Sources */,
				89098E2C2820F18A006EFD4E /* EnrollDateCell.swift in Sources */,
				89098E0728201BA5006EFD4E /* ClassEnrollCategoryCollectionViewDelegate.swift in Sources */,
				89098E0E28203A23006EFD4E /* Category.swift in Sources */,
				893D70E5281BA4DB006CD232 /* ClassEnrollCategoryCollectionViewCell.swift in Sources */,
				8966CF5C28100AFE001CBBDC /* FullImagesViewController.swift in Sources */,
				89AB8C65280D30E4003BC6C5 /* ClassEnrollViewController.swift in Sources */,
				89098E322820FAE0006EFD4E /* EnrollPriceCell.swift in Sources */,
				89098E042820186E006EFD4E /* ClassEnrollCategoryCollectionReusableView.swift in Sources */,
				89098E352820FB9D006EFD4E /* EnrollDescriptionCell.swift in Sources */,
				8966CF56280EEC18001CBBDC /* ClassImageEnrollCell.swift in Sources */,
				89C26A922811EE5D00648206 /* Extension + PHPickerViewController.swift in Sources */,
				89098E382820FF1C006EFD4E /* EnrollCategorySubjectCell.swift in Sources */,
				89098E232820C811006EFD4E /* EnrollImageCell.swift in Sources */,
				89AB8C66280D30E4003BC6C5 /* AppDelegate.swift in Sources */,
				89AB8C7B280D394D003BC6C5 /* MainViewController.swift in Sources */,
				89A0CD3D280D4656006FDF89 /* ClassImageCell.swift in Sources */,
				89098E2F2820FA23006EFD4E /* EnrollPlaceCell.swift in Sources */,
				89C26A8E2811ED1C00648206 /* Extension + UITextField.swift in Sources */,
				89AB8C67280D30E4003BC6C5 /* SceneDelegate.swift in Sources */,
				89098E292820F01D006EFD4E /* EnrollTimeCell.swift in Sources */,
				89098E0A28202CF2006EFD4E /* Extension + UITextView.swift in Sources */,
				89AB8C68280D30E4003BC6C5 /* ClassItem.swift in Sources */,
				89098E222820C80E006EFD4E /* NewClassEnrollViewController.swift in Sources */,
				89A3391F281E5A7400DBD319 /* ClassEnrollCategoryCollectionViewDataSource.swift in Sources */,
				89C26A952812A35800648206 /* ClassEnrollCategoryCollectionView.swift in Sources */,
				89098E262820E71B006EFD4E /* EnrollNameCell.swift in Sources */,
				8966CF5F281079C2001CBBDC /* ClassImageView.swift in Sources */,
			);
			runOnlyForDeploymentPostprocessing = 0;
		};
/* End PBXSourcesBuildPhase section */

/* Begin PBXVariantGroup section */
		895D108027F32DCB009FB26F /* LaunchScreen.storyboard */ = {
			isa = PBXVariantGroup;
			children = (
				895D108127F32DCB009FB26F /* Base */,
			);
			name = LaunchScreen.storyboard;
			sourceTree = "<group>";
		};
/* End PBXVariantGroup section */

/* Begin XCBuildConfiguration section */
		895D108427F32DCB009FB26F /* Debug */ = {
			isa = XCBuildConfiguration;
			buildSettings = {
				ALWAYS_SEARCH_USER_PATHS = NO;
				CLANG_ANALYZER_NONNULL = YES;
				CLANG_ANALYZER_NUMBER_OBJECT_CONVERSION = YES_AGGRESSIVE;
				CLANG_CXX_LANGUAGE_STANDARD = "gnu++17";
				CLANG_CXX_LIBRARY = "libc++";
				CLANG_ENABLE_MODULES = YES;
				CLANG_ENABLE_OBJC_ARC = YES;
				CLANG_ENABLE_OBJC_WEAK = YES;
				CLANG_WARN_BLOCK_CAPTURE_AUTORELEASING = YES;
				CLANG_WARN_BOOL_CONVERSION = YES;
				CLANG_WARN_COMMA = YES;
				CLANG_WARN_CONSTANT_CONVERSION = YES;
				CLANG_WARN_DEPRECATED_OBJC_IMPLEMENTATIONS = YES;
				CLANG_WARN_DIRECT_OBJC_ISA_USAGE = YES_ERROR;
				CLANG_WARN_DOCUMENTATION_COMMENTS = YES;
				CLANG_WARN_EMPTY_BODY = YES;
				CLANG_WARN_ENUM_CONVERSION = YES;
				CLANG_WARN_INFINITE_RECURSION = YES;
				CLANG_WARN_INT_CONVERSION = YES;
				CLANG_WARN_NON_LITERAL_NULL_CONVERSION = YES;
				CLANG_WARN_OBJC_IMPLICIT_RETAIN_SELF = YES;
				CLANG_WARN_OBJC_LITERAL_CONVERSION = YES;
				CLANG_WARN_OBJC_ROOT_CLASS = YES_ERROR;
				CLANG_WARN_QUOTED_INCLUDE_IN_FRAMEWORK_HEADER = YES;
				CLANG_WARN_RANGE_LOOP_ANALYSIS = YES;
				CLANG_WARN_STRICT_PROTOTYPES = YES;
				CLANG_WARN_SUSPICIOUS_MOVE = YES;
				CLANG_WARN_UNGUARDED_AVAILABILITY = YES_AGGRESSIVE;
				CLANG_WARN_UNREACHABLE_CODE = YES;
				CLANG_WARN__DUPLICATE_METHOD_MATCH = YES;
				COPY_PHASE_STRIP = NO;
				DEBUG_INFORMATION_FORMAT = dwarf;
				ENABLE_STRICT_OBJC_MSGSEND = YES;
				ENABLE_TESTABILITY = YES;
				GCC_C_LANGUAGE_STANDARD = gnu11;
				GCC_DYNAMIC_NO_PIC = NO;
				GCC_NO_COMMON_BLOCKS = YES;
				GCC_OPTIMIZATION_LEVEL = 0;
				GCC_PREPROCESSOR_DEFINITIONS = (
					"DEBUG=1",
					"$(inherited)",
				);
				GCC_WARN_64_TO_32_BIT_CONVERSION = YES;
				GCC_WARN_ABOUT_RETURN_TYPE = YES_ERROR;
				GCC_WARN_UNDECLARED_SELECTOR = YES;
				GCC_WARN_UNINITIALIZED_AUTOS = YES_AGGRESSIVE;
				GCC_WARN_UNUSED_FUNCTION = YES;
				GCC_WARN_UNUSED_VARIABLE = YES;
				IPHONEOS_DEPLOYMENT_TARGET = 15.0;
				MTL_ENABLE_DEBUG_INFO = INCLUDE_SOURCE;
				MTL_FAST_MATH = YES;
				ONLY_ACTIVE_ARCH = YES;
				SDKROOT = iphoneos;
				SWIFT_ACTIVE_COMPILATION_CONDITIONS = DEBUG;
				SWIFT_OPTIMIZATION_LEVEL = "-Onone";
			};
			name = Debug;
		};
		895D108527F32DCB009FB26F /* Release */ = {
			isa = XCBuildConfiguration;
			buildSettings = {
				ALWAYS_SEARCH_USER_PATHS = NO;
				CLANG_ANALYZER_NONNULL = YES;
				CLANG_ANALYZER_NUMBER_OBJECT_CONVERSION = YES_AGGRESSIVE;
				CLANG_CXX_LANGUAGE_STANDARD = "gnu++17";
				CLANG_CXX_LIBRARY = "libc++";
				CLANG_ENABLE_MODULES = YES;
				CLANG_ENABLE_OBJC_ARC = YES;
				CLANG_ENABLE_OBJC_WEAK = YES;
				CLANG_WARN_BLOCK_CAPTURE_AUTORELEASING = YES;
				CLANG_WARN_BOOL_CONVERSION = YES;
				CLANG_WARN_COMMA = YES;
				CLANG_WARN_CONSTANT_CONVERSION = YES;
				CLANG_WARN_DEPRECATED_OBJC_IMPLEMENTATIONS = YES;
				CLANG_WARN_DIRECT_OBJC_ISA_USAGE = YES_ERROR;
				CLANG_WARN_DOCUMENTATION_COMMENTS = YES;
				CLANG_WARN_EMPTY_BODY = YES;
				CLANG_WARN_ENUM_CONVERSION = YES;
				CLANG_WARN_INFINITE_RECURSION = YES;
				CLANG_WARN_INT_CONVERSION = YES;
				CLANG_WARN_NON_LITERAL_NULL_CONVERSION = YES;
				CLANG_WARN_OBJC_IMPLICIT_RETAIN_SELF = YES;
				CLANG_WARN_OBJC_LITERAL_CONVERSION = YES;
				CLANG_WARN_OBJC_ROOT_CLASS = YES_ERROR;
				CLANG_WARN_QUOTED_INCLUDE_IN_FRAMEWORK_HEADER = YES;
				CLANG_WARN_RANGE_LOOP_ANALYSIS = YES;
				CLANG_WARN_STRICT_PROTOTYPES = YES;
				CLANG_WARN_SUSPICIOUS_MOVE = YES;
				CLANG_WARN_UNGUARDED_AVAILABILITY = YES_AGGRESSIVE;
				CLANG_WARN_UNREACHABLE_CODE = YES;
				CLANG_WARN__DUPLICATE_METHOD_MATCH = YES;
				COPY_PHASE_STRIP = NO;
				DEBUG_INFORMATION_FORMAT = "dwarf-with-dsym";
				ENABLE_NS_ASSERTIONS = NO;
				ENABLE_STRICT_OBJC_MSGSEND = YES;
				GCC_C_LANGUAGE_STANDARD = gnu11;
				GCC_NO_COMMON_BLOCKS = YES;
				GCC_WARN_64_TO_32_BIT_CONVERSION = YES;
				GCC_WARN_ABOUT_RETURN_TYPE = YES_ERROR;
				GCC_WARN_UNDECLARED_SELECTOR = YES;
				GCC_WARN_UNINITIALIZED_AUTOS = YES_AGGRESSIVE;
				GCC_WARN_UNUSED_FUNCTION = YES;
				GCC_WARN_UNUSED_VARIABLE = YES;
				IPHONEOS_DEPLOYMENT_TARGET = 15.0;
				MTL_ENABLE_DEBUG_INFO = NO;
				MTL_FAST_MATH = YES;
				SDKROOT = iphoneos;
				SWIFT_COMPILATION_MODE = wholemodule;
				SWIFT_OPTIMIZATION_LEVEL = "-O";
				VALIDATE_PRODUCT = YES;
			};
			name = Release;
		};
		895D108727F32DCB009FB26F /* Debug */ = {
			isa = XCBuildConfiguration;
			baseConfigurationReference = 84BBBEB094FE4B7ECA803F6C /* Pods-ClassToday.debug.xcconfig */;
			buildSettings = {
				ASSETCATALOG_COMPILER_APPICON_NAME = AppIcon;
				ASSETCATALOG_COMPILER_GLOBAL_ACCENT_COLOR_NAME = AccentColor;
				CODE_SIGN_STYLE = Automatic;
				CURRENT_PROJECT_VERSION = 1;
				DEVELOPMENT_TEAM = 67D46DJNPH;
				GENERATE_INFOPLIST_FILE = YES;
				INFOPLIST_FILE = ClassToday/Info.plist;
				INFOPLIST_KEY_UIApplicationSupportsIndirectInputEvents = YES;
				INFOPLIST_KEY_UILaunchStoryboardName = LaunchScreen;
				INFOPLIST_KEY_UISupportedInterfaceOrientations_iPad = "UIInterfaceOrientationPortrait UIInterfaceOrientationPortraitUpsideDown UIInterfaceOrientationLandscapeLeft UIInterfaceOrientationLandscapeRight";
				INFOPLIST_KEY_UISupportedInterfaceOrientations_iPhone = "UIInterfaceOrientationPortrait UIInterfaceOrientationLandscapeLeft UIInterfaceOrientationLandscapeRight";
				IPHONEOS_DEPLOYMENT_TARGET = 14.0;
				LD_RUNPATH_SEARCH_PATHS = (
					"$(inherited)",
					"@executable_path/Frameworks",
				);
				MARKETING_VERSION = 1.0;
				PRODUCT_BUNDLE_IDENTIFIER = com.yescoachdev.ClassToday;
				PRODUCT_NAME = "$(TARGET_NAME)";
				SWIFT_EMIT_LOC_STRINGS = YES;
				SWIFT_VERSION = 5.0;
				TARGETED_DEVICE_FAMILY = "1,2";
			};
			name = Debug;
		};
		895D108827F32DCB009FB26F /* Release */ = {
			isa = XCBuildConfiguration;
			baseConfigurationReference = E7FF7A0220DE013346881477 /* Pods-ClassToday.release.xcconfig */;
			buildSettings = {
				ASSETCATALOG_COMPILER_APPICON_NAME = AppIcon;
				ASSETCATALOG_COMPILER_GLOBAL_ACCENT_COLOR_NAME = AccentColor;
				CODE_SIGN_STYLE = Automatic;
				CURRENT_PROJECT_VERSION = 1;
				DEVELOPMENT_TEAM = 67D46DJNPH;
				GENERATE_INFOPLIST_FILE = YES;
				INFOPLIST_FILE = ClassToday/Info.plist;
				INFOPLIST_KEY_UIApplicationSupportsIndirectInputEvents = YES;
				INFOPLIST_KEY_UILaunchStoryboardName = LaunchScreen;
				INFOPLIST_KEY_UISupportedInterfaceOrientations_iPad = "UIInterfaceOrientationPortrait UIInterfaceOrientationPortraitUpsideDown UIInterfaceOrientationLandscapeLeft UIInterfaceOrientationLandscapeRight";
				INFOPLIST_KEY_UISupportedInterfaceOrientations_iPhone = "UIInterfaceOrientationPortrait UIInterfaceOrientationLandscapeLeft UIInterfaceOrientationLandscapeRight";
				IPHONEOS_DEPLOYMENT_TARGET = 14.0;
				LD_RUNPATH_SEARCH_PATHS = (
					"$(inherited)",
					"@executable_path/Frameworks",
				);
				MARKETING_VERSION = 1.0;
				PRODUCT_BUNDLE_IDENTIFIER = com.yescoachdev.ClassToday;
				PRODUCT_NAME = "$(TARGET_NAME)";
				SWIFT_EMIT_LOC_STRINGS = YES;
				SWIFT_VERSION = 5.0;
				TARGETED_DEVICE_FAMILY = "1,2";
			};
			name = Release;
		};
		89AB8C75280D30E4003BC6C5 /* Debug */ = {
			isa = XCBuildConfiguration;
			buildSettings = {
				ASSETCATALOG_COMPILER_APPICON_NAME = AppIcon;
				ASSETCATALOG_COMPILER_GLOBAL_ACCENT_COLOR_NAME = AccentColor;
				CODE_SIGN_STYLE = Automatic;
				CURRENT_PROJECT_VERSION = 1;
				DEVELOPMENT_TEAM = 67D46DJNPH;
				GENERATE_INFOPLIST_FILE = YES;
				INFOPLIST_FILE = "ClassToday NonFirebase-Info.plist";
				INFOPLIST_KEY_UIApplicationSupportsIndirectInputEvents = YES;
				INFOPLIST_KEY_UILaunchStoryboardName = LaunchScreen;
				INFOPLIST_KEY_UISupportedInterfaceOrientations_iPad = "UIInterfaceOrientationPortrait UIInterfaceOrientationPortraitUpsideDown UIInterfaceOrientationLandscapeLeft UIInterfaceOrientationLandscapeRight";
				INFOPLIST_KEY_UISupportedInterfaceOrientations_iPhone = "UIInterfaceOrientationPortrait UIInterfaceOrientationLandscapeLeft UIInterfaceOrientationLandscapeRight";
				IPHONEOS_DEPLOYMENT_TARGET = 14.0;
				LD_RUNPATH_SEARCH_PATHS = (
					"$(inherited)",
					"@executable_path/Frameworks",
				);
				MARKETING_VERSION = 1.0;
				PRODUCT_BUNDLE_IDENTIFIER = com.TeamClassToday.ClassToday;
				PRODUCT_NAME = "$(TARGET_NAME)";
				SWIFT_EMIT_LOC_STRINGS = YES;
				SWIFT_VERSION = 5.0;
				TARGETED_DEVICE_FAMILY = "1,2";
			};
			name = Debug;
		};
		89AB8C76280D30E4003BC6C5 /* Release */ = {
			isa = XCBuildConfiguration;
			buildSettings = {
				ASSETCATALOG_COMPILER_APPICON_NAME = AppIcon;
				ASSETCATALOG_COMPILER_GLOBAL_ACCENT_COLOR_NAME = AccentColor;
				CODE_SIGN_STYLE = Automatic;
				CURRENT_PROJECT_VERSION = 1;
				DEVELOPMENT_TEAM = 67D46DJNPH;
				GENERATE_INFOPLIST_FILE = YES;
				INFOPLIST_FILE = "ClassToday NonFirebase-Info.plist";
				INFOPLIST_KEY_UIApplicationSupportsIndirectInputEvents = YES;
				INFOPLIST_KEY_UILaunchStoryboardName = LaunchScreen;
				INFOPLIST_KEY_UISupportedInterfaceOrientations_iPad = "UIInterfaceOrientationPortrait UIInterfaceOrientationPortraitUpsideDown UIInterfaceOrientationLandscapeLeft UIInterfaceOrientationLandscapeRight";
				INFOPLIST_KEY_UISupportedInterfaceOrientations_iPhone = "UIInterfaceOrientationPortrait UIInterfaceOrientationLandscapeLeft UIInterfaceOrientationLandscapeRight";
				IPHONEOS_DEPLOYMENT_TARGET = 14.0;
				LD_RUNPATH_SEARCH_PATHS = (
					"$(inherited)",
					"@executable_path/Frameworks",
				);
				MARKETING_VERSION = 1.0;
				PRODUCT_BUNDLE_IDENTIFIER = com.TeamClassToday.ClassToday;
				PRODUCT_NAME = "$(TARGET_NAME)";
				SWIFT_EMIT_LOC_STRINGS = YES;
				SWIFT_VERSION = 5.0;
				TARGETED_DEVICE_FAMILY = "1,2";
			};
			name = Release;
		};
/* End XCBuildConfiguration section */

/* Begin XCConfigurationList section */
		895D106D27F32DCA009FB26F /* Build configuration list for PBXProject "ClassToday" */ = {
			isa = XCConfigurationList;
			buildConfigurations = (
				895D108427F32DCB009FB26F /* Debug */,
				895D108527F32DCB009FB26F /* Release */,
			);
			defaultConfigurationIsVisible = 0;
			defaultConfigurationName = Release;
		};
		895D108627F32DCB009FB26F /* Build configuration list for PBXNativeTarget "ClassToday" */ = {
			isa = XCConfigurationList;
			buildConfigurations = (
				895D108727F32DCB009FB26F /* Debug */,
				895D108827F32DCB009FB26F /* Release */,
			);
			defaultConfigurationIsVisible = 0;
			defaultConfigurationName = Release;
		};
		89AB8C74280D30E4003BC6C5 /* Build configuration list for PBXNativeTarget "ClassToday_NonFirebase" */ = {
			isa = XCConfigurationList;
			buildConfigurations = (
				89AB8C75280D30E4003BC6C5 /* Debug */,
				89AB8C76280D30E4003BC6C5 /* Release */,
			);
			defaultConfigurationIsVisible = 0;
			defaultConfigurationName = Release;
		};
/* End XCConfigurationList section */

/* Begin XCRemoteSwiftPackageReference section */
		89AB8C5A280D30E4003BC6C5 /* XCRemoteSwiftPackageReference "SnapKit" */ = {
			isa = XCRemoteSwiftPackageReference;
			repositoryURL = "https://github.com/SnapKit/SnapKit.git";
			requirement = {
				branch = develop;
				kind = branch;
			};
		};
		89AB8C5C280D30E4003BC6C5 /* XCRemoteSwiftPackageReference "Alamofire" */ = {
			isa = XCRemoteSwiftPackageReference;
			repositoryURL = "https://github.com/Alamofire/Alamofire.git";
			requirement = {
				kind = upToNextMajorVersion;
				minimumVersion = 5.0.0;
			};
		};
		FCD0448727F334F20005C5B3 /* XCRemoteSwiftPackageReference "SnapKit" */ = {
			isa = XCRemoteSwiftPackageReference;
			repositoryURL = "https://github.com/SnapKit/SnapKit.git";
			requirement = {
				branch = develop;
				kind = branch;
			};
		};
		FCD0448A27F3351F0005C5B3 /* XCRemoteSwiftPackageReference "Alamofire" */ = {
			isa = XCRemoteSwiftPackageReference;
			repositoryURL = "https://github.com/Alamofire/Alamofire.git";
			requirement = {
				kind = upToNextMajorVersion;
				minimumVersion = 5.0.0;
			};
		};
		FCD0448D27F336450005C5B3 /* XCRemoteSwiftPackageReference "firebase-ios-sdk" */ = {
			isa = XCRemoteSwiftPackageReference;
			repositoryURL = "https://github.com/firebase/firebase-ios-sdk.git";
			requirement = {
				kind = upToNextMajorVersion;
				minimumVersion = 8.0.0;
			};
		};
/* End XCRemoteSwiftPackageReference section */

/* Begin XCSwiftPackageProductDependency section */
		89AB8C59280D30E4003BC6C5 /* SnapKit */ = {
			isa = XCSwiftPackageProductDependency;
			package = 89AB8C5A280D30E4003BC6C5 /* XCRemoteSwiftPackageReference "SnapKit" */;
			productName = SnapKit;
		};
		89AB8C5B280D30E4003BC6C5 /* Alamofire */ = {
			isa = XCSwiftPackageProductDependency;
			package = 89AB8C5C280D30E4003BC6C5 /* XCRemoteSwiftPackageReference "Alamofire" */;
			productName = Alamofire;
		};
		FCD0448827F334F20005C5B3 /* SnapKit */ = {
			isa = XCSwiftPackageProductDependency;
			package = FCD0448727F334F20005C5B3 /* XCRemoteSwiftPackageReference "SnapKit" */;
			productName = SnapKit;
		};
		FCD0448B27F3351F0005C5B3 /* Alamofire */ = {
			isa = XCSwiftPackageProductDependency;
			package = FCD0448A27F3351F0005C5B3 /* XCRemoteSwiftPackageReference "Alamofire" */;
			productName = Alamofire;
		};
		FCD0448E27F336450005C5B3 /* FirebaseAuth */ = {
			isa = XCSwiftPackageProductDependency;
			package = FCD0448D27F336450005C5B3 /* XCRemoteSwiftPackageReference "firebase-ios-sdk" */;
			productName = FirebaseAuth;
		};
		FCD0449027F336450005C5B3 /* FirebaseFirestore */ = {
			isa = XCSwiftPackageProductDependency;
			package = FCD0448D27F336450005C5B3 /* XCRemoteSwiftPackageReference "firebase-ios-sdk" */;
			productName = FirebaseFirestore;
		};
		FCD0449227F336450005C5B3 /* FirebaseFirestoreSwift-Beta */ = {
			isa = XCSwiftPackageProductDependency;
			package = FCD0448D27F336450005C5B3 /* XCRemoteSwiftPackageReference "firebase-ios-sdk" */;
			productName = "FirebaseFirestoreSwift-Beta";
		};
		FCD0449427F336450005C5B3 /* FirebaseStorage */ = {
			isa = XCSwiftPackageProductDependency;
			package = FCD0448D27F336450005C5B3 /* XCRemoteSwiftPackageReference "firebase-ios-sdk" */;
			productName = FirebaseStorage;
		};
/* End XCSwiftPackageProductDependency section */
	};
	rootObject = 895D106A27F32DCA009FB26F /* Project object */;
}
