// !$*UTF8*$!
{
	archiveVersion = 1;
	classes = {
	};
	objectVersion = 55;
	objects = {

/* Begin PBXBuildFile section */
		895D107627F32DCA009FB26F /* AppDelegate.swift in Sources */ = {isa = PBXBuildFile; fileRef = 895D107527F32DCA009FB26F /* AppDelegate.swift */; };
		895D107827F32DCA009FB26F /* SceneDelegate.swift in Sources */ = {isa = PBXBuildFile; fileRef = 895D107727F32DCA009FB26F /* SceneDelegate.swift */; };
		895D107A27F32DCA009FB26F /* ViewController.swift in Sources */ = {isa = PBXBuildFile; fileRef = 895D107927F32DCA009FB26F /* ViewController.swift */; };
		895D107F27F32DCB009FB26F /* Assets.xcassets in Resources */ = {isa = PBXBuildFile; fileRef = 895D107E27F32DCB009FB26F /* Assets.xcassets */; };
		895D108227F32DCB009FB26F /* LaunchScreen.storyboard in Resources */ = {isa = PBXBuildFile; fileRef = 895D108027F32DCB009FB26F /* LaunchScreen.storyboard */; };
		FCD0448927F334F20005C5B3 /* SnapKit in Frameworks */ = {isa = PBXBuildFile; productRef = FCD0448827F334F20005C5B3 /* SnapKit */; };
		FCD0448C27F3351F0005C5B3 /* Alamofire in Frameworks */ = {isa = PBXBuildFile; productRef = FCD0448B27F3351F0005C5B3 /* Alamofire */; };
		FCD0448F27F336450005C5B3 /* FirebaseAuth in Frameworks */ = {isa = PBXBuildFile; productRef = FCD0448E27F336450005C5B3 /* FirebaseAuth */; };
		FCD0449127F336450005C5B3 /* FirebaseFirestore in Frameworks */ = {isa = PBXBuildFile; productRef = FCD0449027F336450005C5B3 /* FirebaseFirestore */; };
		FCD0449327F336450005C5B3 /* FirebaseFirestoreSwift-Beta in Frameworks */ = {isa = PBXBuildFile; productRef = FCD0449227F336450005C5B3 /* FirebaseFirestoreSwift-Beta */; };
		FCD0449527F336450005C5B3 /* FirebaseStorage in Frameworks */ = {isa = PBXBuildFile; productRef = FCD0449427F336450005C5B3 /* FirebaseStorage */; };
/* End PBXBuildFile section */

/* Begin PBXFileReference section */
		895D107227F32DCA009FB26F /* ClassToday.app */ = {isa = PBXFileReference; explicitFileType = wrapper.application; includeInIndex = 0; path = ClassToday.app; sourceTree = BUILT_PRODUCTS_DIR; };
		895D107527F32DCA009FB26F /* AppDelegate.swift */ = {isa = PBXFileReference; lastKnownFileType = sourcecode.swift; path = AppDelegate.swift; sourceTree = "<group>"; };
		895D107727F32DCA009FB26F /* SceneDelegate.swift */ = {isa = PBXFileReference; lastKnownFileType = sourcecode.swift; path = SceneDelegate.swift; sourceTree = "<group>"; };
		895D107927F32DCA009FB26F /* ViewController.swift */ = {isa = PBXFileReference; lastKnownFileType = sourcecode.swift; path = ViewController.swift; sourceTree = "<group>"; };
		895D107E27F32DCB009FB26F /* Assets.xcassets */ = {isa = PBXFileReference; lastKnownFileType = folder.assetcatalog; path = Assets.xcassets; sourceTree = "<group>"; };
		895D108127F32DCB009FB26F /* Base */ = {isa = PBXFileReference; lastKnownFileType = file.storyboard; name = Base; path = Base.lproj/LaunchScreen.storyboard; sourceTree = "<group>"; };
		895D108327F32DCB009FB26F /* Info.plist */ = {isa = PBXFileReference; lastKnownFileType = text.plist.xml; path = Info.plist; sourceTree = "<group>"; };
/* End PBXFileReference section */

/* Begin PBXFrameworksBuildPhase section */
		895D106F27F32DCA009FB26F /* Frameworks */ = {
			isa = PBXFrameworksBuildPhase;
			buildActionMask = 2147483647;
			files = (
				FCD0448927F334F20005C5B3 /* SnapKit in Frameworks */,
				FCD0449127F336450005C5B3 /* FirebaseFirestore in Frameworks */,
				FCD0449327F336450005C5B3 /* FirebaseFirestoreSwift-Beta in Frameworks */,
				FCD0448F27F336450005C5B3 /* FirebaseAuth in Frameworks */,
				FCD0448C27F3351F0005C5B3 /* Alamofire in Frameworks */,
				FCD0449527F336450005C5B3 /* FirebaseStorage in Frameworks */,
			);
			runOnlyForDeploymentPostprocessing = 0;
		};
/* End PBXFrameworksBuildPhase section */

/* Begin PBXGroup section */
		895D106927F32DCA009FB26F = {
			isa = PBXGroup;
			children = (
				895D107427F32DCA009FB26F /* ClassToday */,
				895D107327F32DCA009FB26F /* Products */,
			);
			sourceTree = "<group>";
		};
		895D107327F32DCA009FB26F /* Products */ = {
			isa = PBXGroup;
			children = (
				895D107227F32DCA009FB26F /* ClassToday.app */,
			);
			name = Products;
			sourceTree = "<group>";
		};
		895D107427F32DCA009FB26F /* ClassToday */ = {
			isa = PBXGroup;
			children = (
				895D107527F32DCA009FB26F /* AppDelegate.swift */,
				895D107727F32DCA009FB26F /* SceneDelegate.swift */,
				895D107927F32DCA009FB26F /* ViewController.swift */,
				895D107E27F32DCB009FB26F /* Assets.xcassets */,
				895D108027F32DCB009FB26F /* LaunchScreen.storyboard */,
				895D108327F32DCB009FB26F /* Info.plist */,
			);
			path = ClassToday;
			sourceTree = "<group>";
		};
/* End PBXGroup section */

/* Begin PBXNativeTarget section */
		895D107127F32DCA009FB26F /* ClassToday */ = {
			isa = PBXNativeTarget;
			buildConfigurationList = 895D108627F32DCB009FB26F /* Build configuration list for PBXNativeTarget "ClassToday" */;
			buildPhases = (
				895D106E27F32DCA009FB26F /* Sources */,
				895D106F27F32DCA009FB26F /* Frameworks */,
				895D107027F32DCA009FB26F /* Resources */,
			);
			buildRules = (
			);
			dependencies = (
			);
			name = ClassToday;
			packageProductDependencies = (
				FCD0448827F334F20005C5B3 /* SnapKit */,
				FCD0448B27F3351F0005C5B3 /* Alamofire */,
				FCD0448E27F336450005C5B3 /* FirebaseAuth */,
				FCD0449027F336450005C5B3 /* FirebaseFirestore */,
				FCD0449227F336450005C5B3 /* FirebaseFirestoreSwift-Beta */,
				FCD0449427F336450005C5B3 /* FirebaseStorage */,
			);
			productName = ClassToday;
			productReference = 895D107227F32DCA009FB26F /* ClassToday.app */;
			productType = "com.apple.product-type.application";
		};
/* End PBXNativeTarget section */

/* Begin PBXProject section */
		895D106A27F32DCA009FB26F /* Project object */ = {
			isa = PBXProject;
			attributes = {
				BuildIndependentTargetsInParallel = 1;
				LastSwiftUpdateCheck = 1310;
				LastUpgradeCheck = 1310;
				TargetAttributes = {
					895D107127F32DCA009FB26F = {
						CreatedOnToolsVersion = 13.1;
					};
				};
			};
			buildConfigurationList = 895D106D27F32DCA009FB26F /* Build configuration list for PBXProject "ClassToday" */;
			compatibilityVersion = "Xcode 13.0";
			developmentRegion = en;
			hasScannedForEncodings = 0;
			knownRegions = (
				en,
				Base,
			);
			mainGroup = 895D106927F32DCA009FB26F;
			packageReferences = (
				FCD0448727F334F20005C5B3 /* XCRemoteSwiftPackageReference "SnapKit" */,
				FCD0448A27F3351F0005C5B3 /* XCRemoteSwiftPackageReference "Alamofire" */,
				FCD0448D27F336450005C5B3 /* XCRemoteSwiftPackageReference "firebase-ios-sdk" */,
			);
			productRefGroup = 895D107327F32DCA009FB26F /* Products */;
			projectDirPath = "";
			projectRoot = "";
			targets = (
				895D107127F32DCA009FB26F /* ClassToday */,
			);
		};
/* End PBXProject section */

/* Begin PBXResourcesBuildPhase section */
		895D107027F32DCA009FB26F /* Resources */ = {
			isa = PBXResourcesBuildPhase;
			buildActionMask = 2147483647;
			files = (
				895D108227F32DCB009FB26F /* LaunchScreen.storyboard in Resources */,
				895D107F27F32DCB009FB26F /* Assets.xcassets in Resources */,
			);
			runOnlyForDeploymentPostprocessing = 0;
		};
/* End PBXResourcesBuildPhase section */

/* Begin PBXSourcesBuildPhase section */
		895D106E27F32DCA009FB26F /* Sources */ = {
			isa = PBXSourcesBuildPhase;
			buildActionMask = 2147483647;
			files = (
				895D107A27F32DCA009FB26F /* ViewController.swift in Sources */,
				895D107627F32DCA009FB26F /* AppDelegate.swift in Sources */,
				895D107827F32DCA009FB26F /* SceneDelegate.swift in Sources */,
			);
			runOnlyForDeploymentPostprocessing = 0;
		};
/* End PBXSourcesBuildPhase section */

/* Begin PBXVariantGroup section */
		895D108027F32DCB009FB26F /* LaunchScreen.storyboard */ = {
			isa = PBXVariantGroup;
			children = (
				895D108127F32DCB009FB26F /* Base */,
			);
			name = LaunchScreen.storyboard;
			sourceTree = "<group>";
		};
/* End PBXVariantGroup section */

/* Begin XCBuildConfiguration section */
		895D108427F32DCB009FB26F /* Debug */ = {
			isa = XCBuildConfiguration;
			buildSettings = {
				ALWAYS_SEARCH_USER_PATHS = NO;
				CLANG_ANALYZER_NONNULL = YES;
				CLANG_ANALYZER_NUMBER_OBJECT_CONVERSION = YES_AGGRESSIVE;
				CLANG_CXX_LANGUAGE_STANDARD = "gnu++17";
				CLANG_CXX_LIBRARY = "libc++";
				CLANG_ENABLE_MODULES = YES;
				CLANG_ENABLE_OBJC_ARC = YES;
				CLANG_ENABLE_OBJC_WEAK = YES;
				CLANG_WARN_BLOCK_CAPTURE_AUTORELEASING = YES;
				CLANG_WARN_BOOL_CONVERSION = YES;
				CLANG_WARN_COMMA = YES;
				CLANG_WARN_CONSTANT_CONVERSION = YES;
				CLANG_WARN_DEPRECATED_OBJC_IMPLEMENTATIONS = YES;
				CLANG_WARN_DIRECT_OBJC_ISA_USAGE = YES_ERROR;
				CLANG_WARN_DOCUMENTATION_COMMENTS = YES;
				CLANG_WARN_EMPTY_BODY = YES;
				CLANG_WARN_ENUM_CONVERSION = YES;
				CLANG_WARN_INFINITE_RECURSION = YES;
				CLANG_WARN_INT_CONVERSION = YES;
				CLANG_WARN_NON_LITERAL_NULL_CONVERSION = YES;
				CLANG_WARN_OBJC_IMPLICIT_RETAIN_SELF = YES;
				CLANG_WARN_OBJC_LITERAL_CONVERSION = YES;
				CLANG_WARN_OBJC_ROOT_CLASS = YES_ERROR;
				CLANG_WARN_QUOTED_INCLUDE_IN_FRAMEWORK_HEADER = YES;
				CLANG_WARN_RANGE_LOOP_ANALYSIS = YES;
				CLANG_WARN_STRICT_PROTOTYPES = YES;
				CLANG_WARN_SUSPICIOUS_MOVE = YES;
				CLANG_WARN_UNGUARDED_AVAILABILITY = YES_AGGRESSIVE;
				CLANG_WARN_UNREACHABLE_CODE = YES;
				CLANG_WARN__DUPLICATE_METHOD_MATCH = YES;
				COPY_PHASE_STRIP = NO;
				DEBUG_INFORMATION_FORMAT = dwarf;
				ENABLE_STRICT_OBJC_MSGSEND = YES;
				ENABLE_TESTABILITY = YES;
				GCC_C_LANGUAGE_STANDARD = gnu11;
				GCC_DYNAMIC_NO_PIC = NO;
				GCC_NO_COMMON_BLOCKS = YES;
				GCC_OPTIMIZATION_LEVEL = 0;
				GCC_PREPROCESSOR_DEFINITIONS = (
					"DEBUG=1",
					"$(inherited)",
				);
				GCC_WARN_64_TO_32_BIT_CONVERSION = YES;
				GCC_WARN_ABOUT_RETURN_TYPE = YES_ERROR;
				GCC_WARN_UNDECLARED_SELECTOR = YES;
				GCC_WARN_UNINITIALIZED_AUTOS = YES_AGGRESSIVE;
				GCC_WARN_UNUSED_FUNCTION = YES;
				GCC_WARN_UNUSED_VARIABLE = YES;
				IPHONEOS_DEPLOYMENT_TARGET = 15.0;
				MTL_ENABLE_DEBUG_INFO = INCLUDE_SOURCE;
				MTL_FAST_MATH = YES;
				ONLY_ACTIVE_ARCH = YES;
				SDKROOT = iphoneos;
				SWIFT_ACTIVE_COMPILATION_CONDITIONS = DEBUG;
				SWIFT_OPTIMIZATION_LEVEL = "-Onone";
			};
			name = Debug;
		};
		895D108527F32DCB009FB26F /* Release */ = {
			isa = XCBuildConfiguration;
			buildSettings = {
				ALWAYS_SEARCH_USER_PATHS = NO;
				CLANG_ANALYZER_NONNULL = YES;
				CLANG_ANALYZER_NUMBER_OBJECT_CONVERSION = YES_AGGRESSIVE;
				CLANG_CXX_LANGUAGE_STANDARD = "gnu++17";
				CLANG_CXX_LIBRARY = "libc++";
				CLANG_ENABLE_MODULES = YES;
				CLANG_ENABLE_OBJC_ARC = YES;
				CLANG_ENABLE_OBJC_WEAK = YES;
				CLANG_WARN_BLOCK_CAPTURE_AUTORELEASING = YES;
				CLANG_WARN_BOOL_CONVERSION = YES;
				CLANG_WARN_COMMA = YES;
				CLANG_WARN_CONSTANT_CONVERSION = YES;
				CLANG_WARN_DEPRECATED_OBJC_IMPLEMENTATIONS = YES;
				CLANG_WARN_DIRECT_OBJC_ISA_USAGE = YES_ERROR;
				CLANG_WARN_DOCUMENTATION_COMMENTS = YES;
				CLANG_WARN_EMPTY_BODY = YES;
				CLANG_WARN_ENUM_CONVERSION = YES;
				CLANG_WARN_INFINITE_RECURSION = YES;
				CLANG_WARN_INT_CONVERSION = YES;
				CLANG_WARN_NON_LITERAL_NULL_CONVERSION = YES;
				CLANG_WARN_OBJC_IMPLICIT_RETAIN_SELF = YES;
				CLANG_WARN_OBJC_LITERAL_CONVERSION = YES;
				CLANG_WARN_OBJC_ROOT_CLASS = YES_ERROR;
				CLANG_WARN_QUOTED_INCLUDE_IN_FRAMEWORK_HEADER = YES;
				CLANG_WARN_RANGE_LOOP_ANALYSIS = YES;
				CLANG_WARN_STRICT_PROTOTYPES = YES;
				CLANG_WARN_SUSPICIOUS_MOVE = YES;
				CLANG_WARN_UNGUARDED_AVAILABILITY = YES_AGGRESSIVE;
				CLANG_WARN_UNREACHABLE_CODE = YES;
				CLANG_WARN__DUPLICATE_METHOD_MATCH = YES;
				COPY_PHASE_STRIP = NO;
				DEBUG_INFORMATION_FORMAT = "dwarf-with-dsym";
				ENABLE_NS_ASSERTIONS = NO;
				ENABLE_STRICT_OBJC_MSGSEND = YES;
				GCC_C_LANGUAGE_STANDARD = gnu11;
				GCC_NO_COMMON_BLOCKS = YES;
				GCC_WARN_64_TO_32_BIT_CONVERSION = YES;
				GCC_WARN_ABOUT_RETURN_TYPE = YES_ERROR;
				GCC_WARN_UNDECLARED_SELECTOR = YES;
				GCC_WARN_UNINITIALIZED_AUTOS = YES_AGGRESSIVE;
				GCC_WARN_UNUSED_FUNCTION = YES;
				GCC_WARN_UNUSED_VARIABLE = YES;
				IPHONEOS_DEPLOYMENT_TARGET = 15.0;
				MTL_ENABLE_DEBUG_INFO = NO;
				MTL_FAST_MATH = YES;
				SDKROOT = iphoneos;
				SWIFT_COMPILATION_MODE = wholemodule;
				SWIFT_OPTIMIZATION_LEVEL = "-O";
				VALIDATE_PRODUCT = YES;
			};
			name = Release;
		};
		895D108727F32DCB009FB26F /* Debug */ = {
			isa = XCBuildConfiguration;
			buildSettings = {
				ASSETCATALOG_COMPILER_APPICON_NAME = AppIcon;
				ASSETCATALOG_COMPILER_GLOBAL_ACCENT_COLOR_NAME = AccentColor;
				CODE_SIGN_STYLE = Automatic;
				CURRENT_PROJECT_VERSION = 1;
				DEVELOPMENT_TEAM = 67D46DJNPH;
				GENERATE_INFOPLIST_FILE = YES;
				INFOPLIST_FILE = ClassToday/Info.plist;
				INFOPLIST_KEY_UIApplicationSupportsIndirectInputEvents = YES;
				INFOPLIST_KEY_UILaunchStoryboardName = LaunchScreen;
				INFOPLIST_KEY_UISupportedInterfaceOrientations_iPad = "UIInterfaceOrientationPortrait UIInterfaceOrientationPortraitUpsideDown UIInterfaceOrientationLandscapeLeft UIInterfaceOrientationLandscapeRight";
				INFOPLIST_KEY_UISupportedInterfaceOrientations_iPhone = "UIInterfaceOrientationPortrait UIInterfaceOrientationLandscapeLeft UIInterfaceOrientationLandscapeRight";
				IPHONEOS_DEPLOYMENT_TARGET = 14.0;
				LD_RUNPATH_SEARCH_PATHS = (
					"$(inherited)",
					"@executable_path/Frameworks",
				);
				MARKETING_VERSION = 1.0;
				PRODUCT_BUNDLE_IDENTIFIER = com.yescoachdev.ClassToday;
				PRODUCT_NAME = "$(TARGET_NAME)";
				SWIFT_EMIT_LOC_STRINGS = YES;
				SWIFT_VERSION = 5.0;
				TARGETED_DEVICE_FAMILY = "1,2";
			};
			name = Debug;
		};
		895D108827F32DCB009FB26F /* Release */ = {
			isa = XCBuildConfiguration;
			buildSettings = {
				ASSETCATALOG_COMPILER_APPICON_NAME = AppIcon;
				ASSETCATALOG_COMPILER_GLOBAL_ACCENT_COLOR_NAME = AccentColor;
				CODE_SIGN_STYLE = Automatic;
				CURRENT_PROJECT_VERSION = 1;
				DEVELOPMENT_TEAM = 67D46DJNPH;
				GENERATE_INFOPLIST_FILE = YES;
				INFOPLIST_FILE = ClassToday/Info.plist;
				INFOPLIST_KEY_UIApplicationSupportsIndirectInputEvents = YES;
				INFOPLIST_KEY_UILaunchStoryboardName = LaunchScreen;
				INFOPLIST_KEY_UISupportedInterfaceOrientations_iPad = "UIInterfaceOrientationPortrait UIInterfaceOrientationPortraitUpsideDown UIInterfaceOrientationLandscapeLeft UIInterfaceOrientationLandscapeRight";
				INFOPLIST_KEY_UISupportedInterfaceOrientations_iPhone = "UIInterfaceOrientationPortrait UIInterfaceOrientationLandscapeLeft UIInterfaceOrientationLandscapeRight";
				IPHONEOS_DEPLOYMENT_TARGET = 14.0;
				LD_RUNPATH_SEARCH_PATHS = (
					"$(inherited)",
					"@executable_path/Frameworks",
				);
				MARKETING_VERSION = 1.0;
				PRODUCT_BUNDLE_IDENTIFIER = com.yescoachdev.ClassToday;
				PRODUCT_NAME = "$(TARGET_NAME)";
				SWIFT_EMIT_LOC_STRINGS = YES;
				SWIFT_VERSION = 5.0;
				TARGETED_DEVICE_FAMILY = "1,2";
			};
			name = Release;
		};
/* End XCBuildConfiguration section */

/* Begin XCConfigurationList section */
		895D106D27F32DCA009FB26F /* Build configuration list for PBXProject "ClassToday" */ = {
			isa = XCConfigurationList;
			buildConfigurations = (
				895D108427F32DCB009FB26F /* Debug */,
				895D108527F32DCB009FB26F /* Release */,
			);
			defaultConfigurationIsVisible = 0;
			defaultConfigurationName = Release;
		};
		895D108627F32DCB009FB26F /* Build configuration list for PBXNativeTarget "ClassToday" */ = {
			isa = XCConfigurationList;
			buildConfigurations = (
				895D108727F32DCB009FB26F /* Debug */,
				895D108827F32DCB009FB26F /* Release */,
			);
			defaultConfigurationIsVisible = 0;
			defaultConfigurationName = Release;
		};
/* End XCConfigurationList section */

/* Begin XCRemoteSwiftPackageReference section */
		FCD0448727F334F20005C5B3 /* XCRemoteSwiftPackageReference "SnapKit" */ = {
			isa = XCRemoteSwiftPackageReference;
			repositoryURL = "https://github.com/SnapKit/SnapKit.git";
			requirement = {
				branch = develop;
				kind = branch;
			};
		};
		FCD0448A27F3351F0005C5B3 /* XCRemoteSwiftPackageReference "Alamofire" */ = {
			isa = XCRemoteSwiftPackageReference;
			repositoryURL = "https://github.com/Alamofire/Alamofire.git";
			requirement = {
				kind = upToNextMajorVersion;
				minimumVersion = 5.0.0;
			};
		};
		FCD0448D27F336450005C5B3 /* XCRemoteSwiftPackageReference "firebase-ios-sdk" */ = {
			isa = XCRemoteSwiftPackageReference;
			repositoryURL = "https://github.com/firebase/firebase-ios-sdk.git";
			requirement = {
				kind = upToNextMajorVersion;
				minimumVersion = 8.0.0;
			};
		};
/* End XCRemoteSwiftPackageReference section */

/* Begin XCSwiftPackageProductDependency section */
		FCD0448827F334F20005C5B3 /* SnapKit */ = {
			isa = XCSwiftPackageProductDependency;
			package = FCD0448727F334F20005C5B3 /* XCRemoteSwiftPackageReference "SnapKit" */;
			productName = SnapKit;
		};
		FCD0448B27F3351F0005C5B3 /* Alamofire */ = {
			isa = XCSwiftPackageProductDependency;
			package = FCD0448A27F3351F0005C5B3 /* XCRemoteSwiftPackageReference "Alamofire" */;
			productName = Alamofire;
		};
		FCD0448E27F336450005C5B3 /* FirebaseAuth */ = {
			isa = XCSwiftPackageProductDependency;
			package = FCD0448D27F336450005C5B3 /* XCRemoteSwiftPackageReference "firebase-ios-sdk" */;
			productName = FirebaseAuth;
		};
		FCD0449027F336450005C5B3 /* FirebaseFirestore */ = {
			isa = XCSwiftPackageProductDependency;
			package = FCD0448D27F336450005C5B3 /* XCRemoteSwiftPackageReference "firebase-ios-sdk" */;
			productName = FirebaseFirestore;
		};
		FCD0449227F336450005C5B3 /* FirebaseFirestoreSwift-Beta */ = {
			isa = XCSwiftPackageProductDependency;
			package = FCD0448D27F336450005C5B3 /* XCRemoteSwiftPackageReference "firebase-ios-sdk" */;
			productName = "FirebaseFirestoreSwift-Beta";
		};
		FCD0449427F336450005C5B3 /* FirebaseStorage */ = {
			isa = XCSwiftPackageProductDependency;
			package = FCD0448D27F336450005C5B3 /* XCRemoteSwiftPackageReference "firebase-ios-sdk" */;
			productName = FirebaseStorage;
		};
/* End XCSwiftPackageProductDependency section */
	};
	rootObject = 895D106A27F32DCA009FB26F /* Project object */;
}
