// !$*UTF8*$!
{
	archiveVersion = 1;
	classes = {
	};
	objectVersion = 55;
	objects = {

/* Begin PBXBuildFile section */
		6B7997BD27F33C4C00F37393 /* User.swift in Sources */ = {isa = PBXBuildFile; fileRef = 6B7997BC27F33C4C00F37393 /* User.swift */; };
		6B7997C027F33C5A00F37393 /* ClassItem.swift in Sources */ = {isa = PBXBuildFile; fileRef = 6B7997BF27F33C5A00F37393 /* ClassItem.swift */; };
		895D107627F32DCA009FB26F /* AppDelegate.swift in Sources */ = {isa = PBXBuildFile; fileRef = 895D107527F32DCA009FB26F /* AppDelegate.swift */; };
		895D107827F32DCA009FB26F /* SceneDelegate.swift in Sources */ = {isa = PBXBuildFile; fileRef = 895D107727F32DCA009FB26F /* SceneDelegate.swift */; };
		895D107F27F32DCB009FB26F /* Assets.xcassets in Resources */ = {isa = PBXBuildFile; fileRef = 895D107E27F32DCB009FB26F /* Assets.xcassets */; };
		895D108227F32DCB009FB26F /* LaunchScreen.storyboard in Resources */ = {isa = PBXBuildFile; fileRef = 895D108027F32DCB009FB26F /* LaunchScreen.storyboard */; };
		9196AAD50C5BE048B1FD35B8 /* Pods_ClassToday.framework in Frameworks */ = {isa = PBXBuildFile; fileRef = D0B7506373E8876C1B9CB2FB /* Pods_ClassToday.framework */; };
		FC3458672816E5A800EB7B43 /* CategoryListCollectionViewCell.swift in Sources */ = {isa = PBXBuildFile; fileRef = FC3458662816E5A800EB7B43 /* CategoryListCollectionViewCell.swift */; };
		FC58F0F8280F12FE00AB9B07 /* StarViewController.swift in Sources */ = {isa = PBXBuildFile; fileRef = FC58F0F7280F12FE00AB9B07 /* StarViewController.swift */; };
		FC58F0FA280F134D00AB9B07 /* CategoryListViewController.swift in Sources */ = {isa = PBXBuildFile; fileRef = FC58F0F9280F134D00AB9B07 /* CategoryListViewController.swift */; };
		FC58F0FC280F137900AB9B07 /* CategoryDetailViewController.swift in Sources */ = {isa = PBXBuildFile; fileRef = FC58F0FB280F137900AB9B07 /* CategoryDetailViewController.swift */; };
		FC8507D228202036008A8618 /* SearchHistory.swift in Sources */ = {isa = PBXBuildFile; fileRef = FC8507D128202036008A8618 /* SearchHistory.swift */; };
		FC87FAA0281ECF6500F57CE0 /* SearchRecentTableViewCell.swift in Sources */ = {isa = PBXBuildFile; fileRef = FC87FA9F281ECF6500F57CE0 /* SearchRecentTableViewCell.swift */; };
		FC8C096B281745E400BC9AB1 /* MainColor.swift in Sources */ = {isa = PBXBuildFile; fileRef = FC8C096A281745E400BC9AB1 /* MainColor.swift */; };
		FCC283F4280F1CB000D75125 /* Category.swift in Sources */ = {isa = PBXBuildFile; fileRef = FCC283F3280F1CB000D75125 /* Category.swift */; };
		FCD0448927F334F20005C5B3 /* SnapKit in Frameworks */ = {isa = PBXBuildFile; productRef = FCD0448827F334F20005C5B3 /* SnapKit */; };
		FCD0448C27F3351F0005C5B3 /* Alamofire in Frameworks */ = {isa = PBXBuildFile; productRef = FCD0448B27F3351F0005C5B3 /* Alamofire */; };
		FCD0448F27F336450005C5B3 /* FirebaseAuth in Frameworks */ = {isa = PBXBuildFile; productRef = FCD0448E27F336450005C5B3 /* FirebaseAuth */; };
		FCD0449127F336450005C5B3 /* FirebaseFirestore in Frameworks */ = {isa = PBXBuildFile; productRef = FCD0449027F336450005C5B3 /* FirebaseFirestore */; };
		FCD0449327F336450005C5B3 /* FirebaseFirestoreSwift-Beta in Frameworks */ = {isa = PBXBuildFile; productRef = FCD0449227F336450005C5B3 /* FirebaseFirestoreSwift-Beta */; };
		FCD0449527F336450005C5B3 /* FirebaseStorage in Frameworks */ = {isa = PBXBuildFile; productRef = FCD0449427F336450005C5B3 /* FirebaseStorage */; };
		FCF850F2280DB65D00D5D3DC /* TabbarController.swift in Sources */ = {isa = PBXBuildFile; fileRef = FCF850F1280DB65D00D5D3DC /* TabbarController.swift */; };
		FCF850F4280DB6F000D5D3DC /* Tabbar.swift in Sources */ = {isa = PBXBuildFile; fileRef = FCF850F3280DB6F000D5D3DC /* Tabbar.swift */; };
		FCF850F7280DBCFE00D5D3DC /* Icon.swift in Sources */ = {isa = PBXBuildFile; fileRef = FCF850F6280DBCFE00D5D3DC /* Icon.swift */; };
		FCF850FA280DC02800D5D3DC /* MainViewController.swift in Sources */ = {isa = PBXBuildFile; fileRef = FCF850F9280DC02800D5D3DC /* MainViewController.swift */; };
		FCF850FC280DC05900D5D3DC /* ClassItemTableViewCell.swift in Sources */ = {isa = PBXBuildFile; fileRef = FCF850FB280DC05900D5D3DC /* ClassItemTableViewCell.swift */; };
		FCF850FF280E6AD300D5D3DC /* SearchViewController.swift in Sources */ = {isa = PBXBuildFile; fileRef = FCF850FE280E6AD300D5D3DC /* SearchViewController.swift */; };
		FCF85101280E7F9F00D5D3DC /* SearchResultViewController.swift in Sources */ = {isa = PBXBuildFile; fileRef = FCF85100280E7F9F00D5D3DC /* SearchResultViewController.swift */; };
/* End PBXBuildFile section */

/* Begin PBXFileReference section */
		6B7997BC27F33C4C00F37393 /* User.swift */ = {isa = PBXFileReference; lastKnownFileType = sourcecode.swift; path = User.swift; sourceTree = "<group>"; };
		6B7997BF27F33C5A00F37393 /* ClassItem.swift */ = {isa = PBXFileReference; lastKnownFileType = sourcecode.swift; path = ClassItem.swift; sourceTree = "<group>"; };
		895D107227F32DCA009FB26F /* ClassToday.app */ = {isa = PBXFileReference; explicitFileType = wrapper.application; includeInIndex = 0; path = ClassToday.app; sourceTree = BUILT_PRODUCTS_DIR; };
		895D107527F32DCA009FB26F /* AppDelegate.swift */ = {isa = PBXFileReference; lastKnownFileType = sourcecode.swift; path = AppDelegate.swift; sourceTree = "<group>"; };
		895D107727F32DCA009FB26F /* SceneDelegate.swift */ = {isa = PBXFileReference; lastKnownFileType = sourcecode.swift; path = SceneDelegate.swift; sourceTree = "<group>"; };
		895D107E27F32DCB009FB26F /* Assets.xcassets */ = {isa = PBXFileReference; lastKnownFileType = folder.assetcatalog; path = Assets.xcassets; sourceTree = "<group>"; };
		895D108127F32DCB009FB26F /* Base */ = {isa = PBXFileReference; lastKnownFileType = file.storyboard; name = Base; path = Base.lproj/LaunchScreen.storyboard; sourceTree = "<group>"; };
		895D108327F32DCB009FB26F /* Info.plist */ = {isa = PBXFileReference; lastKnownFileType = text.plist.xml; path = Info.plist; sourceTree = "<group>"; };
		9B1B5B55E74C617CE7D0C8E1 /* Pods-ClassToday.debug.xcconfig */ = {isa = PBXFileReference; includeInIndex = 1; lastKnownFileType = text.xcconfig; name = "Pods-ClassToday.debug.xcconfig"; path = "Target Support Files/Pods-ClassToday/Pods-ClassToday.debug.xcconfig"; sourceTree = "<group>"; };
		B4A6B5014A1414205450D390 /* Pods-ClassToday.release.xcconfig */ = {isa = PBXFileReference; includeInIndex = 1; lastKnownFileType = text.xcconfig; name = "Pods-ClassToday.release.xcconfig"; path = "Target Support Files/Pods-ClassToday/Pods-ClassToday.release.xcconfig"; sourceTree = "<group>"; };
		D0B7506373E8876C1B9CB2FB /* Pods_ClassToday.framework */ = {isa = PBXFileReference; explicitFileType = wrapper.framework; includeInIndex = 0; path = Pods_ClassToday.framework; sourceTree = BUILT_PRODUCTS_DIR; };
		FC3458662816E5A800EB7B43 /* CategoryListCollectionViewCell.swift */ = {isa = PBXFileReference; lastKnownFileType = sourcecode.swift; path = CategoryListCollectionViewCell.swift; sourceTree = "<group>"; };
		FC58F0F7280F12FE00AB9B07 /* StarViewController.swift */ = {isa = PBXFileReference; lastKnownFileType = sourcecode.swift; path = StarViewController.swift; sourceTree = "<group>"; };
		FC58F0F9280F134D00AB9B07 /* CategoryListViewController.swift */ = {isa = PBXFileReference; lastKnownFileType = sourcecode.swift; path = CategoryListViewController.swift; sourceTree = "<group>"; };
		FC58F0FB280F137900AB9B07 /* CategoryDetailViewController.swift */ = {isa = PBXFileReference; lastKnownFileType = sourcecode.swift; path = CategoryDetailViewController.swift; sourceTree = "<group>"; };
		FC8507D128202036008A8618 /* SearchHistory.swift */ = {isa = PBXFileReference; lastKnownFileType = sourcecode.swift; path = SearchHistory.swift; sourceTree = "<group>"; };
		FC87FA9F281ECF6500F57CE0 /* SearchRecentTableViewCell.swift */ = {isa = PBXFileReference; lastKnownFileType = sourcecode.swift; path = SearchRecentTableViewCell.swift; sourceTree = "<group>"; };
		FC8C096A281745E400BC9AB1 /* MainColor.swift */ = {isa = PBXFileReference; lastKnownFileType = sourcecode.swift; path = MainColor.swift; sourceTree = "<group>"; };
		FCC283F3280F1CB000D75125 /* Category.swift */ = {isa = PBXFileReference; lastKnownFileType = sourcecode.swift; path = Category.swift; sourceTree = "<group>"; };
		FCF850F1280DB65D00D5D3DC /* TabbarController.swift */ = {isa = PBXFileReference; lastKnownFileType = sourcecode.swift; path = TabbarController.swift; sourceTree = "<group>"; };
		FCF850F3280DB6F000D5D3DC /* Tabbar.swift */ = {isa = PBXFileReference; lastKnownFileType = sourcecode.swift; path = Tabbar.swift; sourceTree = "<group>"; };
		FCF850F6280DBCFE00D5D3DC /* Icon.swift */ = {isa = PBXFileReference; lastKnownFileType = sourcecode.swift; path = Icon.swift; sourceTree = "<group>"; };
		FCF850F9280DC02800D5D3DC /* MainViewController.swift */ = {isa = PBXFileReference; lastKnownFileType = sourcecode.swift; path = MainViewController.swift; sourceTree = "<group>"; };
		FCF850FB280DC05900D5D3DC /* ClassItemTableViewCell.swift */ = {isa = PBXFileReference; lastKnownFileType = sourcecode.swift; path = ClassItemTableViewCell.swift; sourceTree = "<group>"; };
		FCF850FE280E6AD300D5D3DC /* SearchViewController.swift */ = {isa = PBXFileReference; lastKnownFileType = sourcecode.swift; path = SearchViewController.swift; sourceTree = "<group>"; };
		FCF85100280E7F9F00D5D3DC /* SearchResultViewController.swift */ = {isa = PBXFileReference; lastKnownFileType = sourcecode.swift; path = SearchResultViewController.swift; sourceTree = "<group>"; };
/* End PBXFileReference section */

/* Begin PBXFrameworksBuildPhase section */
		895D106F27F32DCA009FB26F /* Frameworks */ = {
			isa = PBXFrameworksBuildPhase;
			buildActionMask = 2147483647;
			files = (
				FCD0448927F334F20005C5B3 /* SnapKit in Frameworks */,
				FCD0449127F336450005C5B3 /* FirebaseFirestore in Frameworks */,
				FCD0449327F336450005C5B3 /* FirebaseFirestoreSwift-Beta in Frameworks */,
				FCD0448F27F336450005C5B3 /* FirebaseAuth in Frameworks */,
				FCD0448C27F3351F0005C5B3 /* Alamofire in Frameworks */,
				FCD0449527F336450005C5B3 /* FirebaseStorage in Frameworks */,
				9196AAD50C5BE048B1FD35B8 /* Pods_ClassToday.framework in Frameworks */,
			);
			runOnlyForDeploymentPostprocessing = 0;
		};
/* End PBXFrameworksBuildPhase section */

/* Begin PBXGroup section */
		50ADC23D7B4CF06FDA3D0EBF /* Pods */ = {
			isa = PBXGroup;
			children = (
				9B1B5B55E74C617CE7D0C8E1 /* Pods-ClassToday.debug.xcconfig */,
				B4A6B5014A1414205450D390 /* Pods-ClassToday.release.xcconfig */,
			);
			path = Pods;
			sourceTree = "<group>";
		};
		6234D5C0F25079B940207F21 /* Frameworks */ = {
			isa = PBXGroup;
			children = (
				D0B7506373E8876C1B9CB2FB /* Pods_ClassToday.framework */,
			);
			name = Frameworks;
			sourceTree = "<group>";
		};
		6B7997BE27F33C4F00F37393 /* Model */ = {
			isa = PBXGroup;
			children = (
				6B7997BF27F33C5A00F37393 /* ClassItem.swift */,
				6B7997BC27F33C4C00F37393 /* User.swift */,
			);
			path = Model;
			sourceTree = "<group>";
		};
		895D106927F32DCA009FB26F = {
			isa = PBXGroup;
			children = (
				895D107427F32DCA009FB26F /* ClassToday */,
				895D107327F32DCA009FB26F /* Products */,
				50ADC23D7B4CF06FDA3D0EBF /* Pods */,
				6234D5C0F25079B940207F21 /* Frameworks */,
			);
			sourceTree = "<group>";
		};
		895D107327F32DCA009FB26F /* Products */ = {
			isa = PBXGroup;
			children = (
				895D107227F32DCA009FB26F /* ClassToday.app */,
			);
			name = Products;
			sourceTree = "<group>";
		};
		895D107427F32DCA009FB26F /* ClassToday */ = {
			isa = PBXGroup;
			children = (
				895D107527F32DCA009FB26F /* AppDelegate.swift */,
				895D107727F32DCA009FB26F /* SceneDelegate.swift */,
				FCF850F8280DBDE900D5D3DC /* Common */,
				6B7997BE27F33C4F00F37393 /* Model */,
				FCF850FD280E6A8700D5D3DC /* Presentation */,
				895D108027F32DCB009FB26F /* LaunchScreen.storyboard */,
				895D107E27F32DCB009FB26F /* Assets.xcassets */,
				895D108327F32DCB009FB26F /* Info.plist */,
			);
			path = ClassToday;
			sourceTree = "<group>";
		};
		FC3458682816F55A00EB7B43 /* Tabbar */ = {
			isa = PBXGroup;
			children = (
				FCF850F1280DB65D00D5D3DC /* TabbarController.swift */,
			);
			path = Tabbar;
			sourceTree = "<group>";
		};
		FC3458692816F56300EB7B43 /* Main */ = {
			isa = PBXGroup;
			children = (
				FCF850F9280DC02800D5D3DC /* MainViewController.swift */,
			);
			path = Main;
			sourceTree = "<group>";
		};
		FC34586A2816F56D00EB7B43 /* Search */ = {
			isa = PBXGroup;
			children = (
				FC87FA9F281ECF6500F57CE0 /* SearchRecentTableViewCell.swift */,
				FCF850FE280E6AD300D5D3DC /* SearchViewController.swift */,
				FCF85100280E7F9F00D5D3DC /* SearchResultViewController.swift */,
				FC8507D128202036008A8618 /* SearchHistory.swift */,
			);
			path = Search;
			sourceTree = "<group>";
		};
		FC34586B2816F57600EB7B43 /* Star */ = {
			isa = PBXGroup;
			children = (
				FC58F0F7280F12FE00AB9B07 /* StarViewController.swift */,
			);
			path = Star;
			sourceTree = "<group>";
		};
		FC34586C2816F57D00EB7B43 /* Category */ = {
			isa = PBXGroup;
			children = (
				FC3458662816E5A800EB7B43 /* CategoryListCollectionViewCell.swift */,
				FC58F0F9280F134D00AB9B07 /* CategoryListViewController.swift */,
				FC58F0FB280F137900AB9B07 /* CategoryDetailViewController.swift */,
			);
			path = Category;
			sourceTree = "<group>";
		};
		FCF850F8280DBDE900D5D3DC /* Common */ = {
			isa = PBXGroup;
			children = (
				FCF850F3280DB6F000D5D3DC /* Tabbar.swift */,
				FCF850F6280DBCFE00D5D3DC /* Icon.swift */,
				FCC283F3280F1CB000D75125 /* Category.swift */,
				FC8C096A281745E400BC9AB1 /* MainColor.swift */,
			);
			path = Common;
			sourceTree = "<group>";
		};
		FCF850FD280E6A8700D5D3DC /* Presentation */ = {
			isa = PBXGroup;
			children = (
				FCF850FB280DC05900D5D3DC /* ClassItemTableViewCell.swift */,
				FC3458682816F55A00EB7B43 /* Tabbar */,
				FC3458692816F56300EB7B43 /* Main */,
				FC34586A2816F56D00EB7B43 /* Search */,
				FC34586C2816F57D00EB7B43 /* Category */,
				FC34586B2816F57600EB7B43 /* Star */,
			);
			path = Presentation;
			sourceTree = "<group>";
		};
/* End PBXGroup section */

/* Begin PBXNativeTarget section */
		895D107127F32DCA009FB26F /* ClassToday */ = {
			isa = PBXNativeTarget;
			buildConfigurationList = 895D108627F32DCB009FB26F /* Build configuration list for PBXNativeTarget "ClassToday" */;
			buildPhases = (
				92BA0BC8EE3F3A9B74A237FB /* [CP] Check Pods Manifest.lock */,
				895D106E27F32DCA009FB26F /* Sources */,
				895D106F27F32DCA009FB26F /* Frameworks */,
				895D107027F32DCA009FB26F /* Resources */,
			);
			buildRules = (
			);
			dependencies = (
			);
			name = ClassToday;
			packageProductDependencies = (
				FCD0448827F334F20005C5B3 /* SnapKit */,
				FCD0448B27F3351F0005C5B3 /* Alamofire */,
				FCD0448E27F336450005C5B3 /* FirebaseAuth */,
				FCD0449027F336450005C5B3 /* FirebaseFirestore */,
				FCD0449227F336450005C5B3 /* FirebaseFirestoreSwift-Beta */,
				FCD0449427F336450005C5B3 /* FirebaseStorage */,
			);
			productName = ClassToday;
			productReference = 895D107227F32DCA009FB26F /* ClassToday.app */;
			productType = "com.apple.product-type.application";
		};
/* End PBXNativeTarget section */

/* Begin PBXProject section */
		895D106A27F32DCA009FB26F /* Project object */ = {
			isa = PBXProject;
			attributes = {
				BuildIndependentTargetsInParallel = 1;
				LastSwiftUpdateCheck = 1310;
				LastUpgradeCheck = 1310;
				TargetAttributes = {
					895D107127F32DCA009FB26F = {
						CreatedOnToolsVersion = 13.1;
					};
				};
			};
			buildConfigurationList = 895D106D27F32DCA009FB26F /* Build configuration list for PBXProject "ClassToday" */;
			compatibilityVersion = "Xcode 13.0";
			developmentRegion = en;
			hasScannedForEncodings = 0;
			knownRegions = (
				en,
				Base,
			);
			mainGroup = 895D106927F32DCA009FB26F;
			packageReferences = (
				FCD0448727F334F20005C5B3 /* XCRemoteSwiftPackageReference "SnapKit" */,
				FCD0448A27F3351F0005C5B3 /* XCRemoteSwiftPackageReference "Alamofire" */,
				FCD0448D27F336450005C5B3 /* XCRemoteSwiftPackageReference "firebase-ios-sdk" */,
			);
			productRefGroup = 895D107327F32DCA009FB26F /* Products */;
			projectDirPath = "";
			projectRoot = "";
			targets = (
				895D107127F32DCA009FB26F /* ClassToday */,
			);
		};
/* End PBXProject section */

/* Begin PBXResourcesBuildPhase section */
		895D107027F32DCA009FB26F /* Resources */ = {
			isa = PBXResourcesBuildPhase;
			buildActionMask = 2147483647;
			files = (
				895D108227F32DCB009FB26F /* LaunchScreen.storyboard in Resources */,
				895D107F27F32DCB009FB26F /* Assets.xcassets in Resources */,
			);
			runOnlyForDeploymentPostprocessing = 0;
		};
/* End PBXResourcesBuildPhase section */

/* Begin PBXShellScriptBuildPhase section */
		92BA0BC8EE3F3A9B74A237FB /* [CP] Check Pods Manifest.lock */ = {
			isa = PBXShellScriptBuildPhase;
			buildActionMask = 2147483647;
			files = (
			);
			inputFileListPaths = (
			);
			inputPaths = (
				"${PODS_PODFILE_DIR_PATH}/Podfile.lock",
				"${PODS_ROOT}/Manifest.lock",
			);
			name = "[CP] Check Pods Manifest.lock";
			outputFileListPaths = (
			);
			outputPaths = (
				"$(DERIVED_FILE_DIR)/Pods-ClassToday-checkManifestLockResult.txt",
			);
			runOnlyForDeploymentPostprocessing = 0;
			shellPath = /bin/sh;
			shellScript = "diff \"${PODS_PODFILE_DIR_PATH}/Podfile.lock\" \"${PODS_ROOT}/Manifest.lock\" > /dev/null\nif [ $? != 0 ] ; then\n    # print error to STDERR\n    echo \"error: The sandbox is not in sync with the Podfile.lock. Run 'pod install' or update your CocoaPods installation.\" >&2\n    exit 1\nfi\n# This output is used by Xcode 'outputs' to avoid re-running this script phase.\necho \"SUCCESS\" > \"${SCRIPT_OUTPUT_FILE_0}\"\n";
			showEnvVarsInLog = 0;
		};
/* End PBXShellScriptBuildPhase section */

/* Begin PBXSourcesBuildPhase section */
		895D106E27F32DCA009FB26F /* Sources */ = {
			isa = PBXSourcesBuildPhase;
			buildActionMask = 2147483647;
			files = (
				FC3458672816E5A800EB7B43 /* CategoryListCollectionViewCell.swift in Sources */,
				FC8507D228202036008A8618 /* SearchHistory.swift in Sources */,
				FCF850FC280DC05900D5D3DC /* ClassItemTableViewCell.swift in Sources */,
				FC58F0FA280F134D00AB9B07 /* CategoryListViewController.swift in Sources */,
				6B7997BD27F33C4C00F37393 /* User.swift in Sources */,
				895D107627F32DCA009FB26F /* AppDelegate.swift in Sources */,
				FCF850F7280DBCFE00D5D3DC /* Icon.swift in Sources */,
				FC58F0F8280F12FE00AB9B07 /* StarViewController.swift in Sources */,
				895D107827F32DCA009FB26F /* SceneDelegate.swift in Sources */,
				FCF850F4280DB6F000D5D3DC /* Tabbar.swift in Sources */,
				FC8C096B281745E400BC9AB1 /* MainColor.swift in Sources */,
				FCF850FF280E6AD300D5D3DC /* SearchViewController.swift in Sources */,
				FCF850F2280DB65D00D5D3DC /* TabbarController.swift in Sources */,
				FCF85101280E7F9F00D5D3DC /* SearchResultViewController.swift in Sources */,
				FCC283F4280F1CB000D75125 /* Category.swift in Sources */,
				6B7997C027F33C5A00F37393 /* ClassItem.swift in Sources */,
				FCF850FA280DC02800D5D3DC /* MainViewController.swift in Sources */,
				FC87FAA0281ECF6500F57CE0 /* SearchRecentTableViewCell.swift in Sources */,
				FC58F0FC280F137900AB9B07 /* CategoryDetailViewController.swift in Sources */,
			);
			runOnlyForDeploymentPostprocessing = 0;
		};
/* End PBXSourcesBuildPhase section */

/* Begin PBXVariantGroup section */
		895D108027F32DCB009FB26F /* LaunchScreen.storyboard */ = {
			isa = PBXVariantGroup;
			children = (
				895D108127F32DCB009FB26F /* Base */,
			);
			name = LaunchScreen.storyboard;
			sourceTree = "<group>";
		};
/* End PBXVariantGroup section */

/* Begin XCBuildConfiguration section */
		895D108427F32DCB009FB26F /* Debug */ = {
			isa = XCBuildConfiguration;
			buildSettings = {
				ALWAYS_SEARCH_USER_PATHS = NO;
				CLANG_ANALYZER_NONNULL = YES;
				CLANG_ANALYZER_NUMBER_OBJECT_CONVERSION = YES_AGGRESSIVE;
				CLANG_CXX_LANGUAGE_STANDARD = "gnu++17";
				CLANG_CXX_LIBRARY = "libc++";
				CLANG_ENABLE_MODULES = YES;
				CLANG_ENABLE_OBJC_ARC = YES;
				CLANG_ENABLE_OBJC_WEAK = YES;
				CLANG_WARN_BLOCK_CAPTURE_AUTORELEASING = YES;
				CLANG_WARN_BOOL_CONVERSION = YES;
				CLANG_WARN_COMMA = YES;
				CLANG_WARN_CONSTANT_CONVERSION = YES;
				CLANG_WARN_DEPRECATED_OBJC_IMPLEMENTATIONS = YES;
				CLANG_WARN_DIRECT_OBJC_ISA_USAGE = YES_ERROR;
				CLANG_WARN_DOCUMENTATION_COMMENTS = YES;
				CLANG_WARN_EMPTY_BODY = YES;
				CLANG_WARN_ENUM_CONVERSION = YES;
				CLANG_WARN_INFINITE_RECURSION = YES;
				CLANG_WARN_INT_CONVERSION = YES;
				CLANG_WARN_NON_LITERAL_NULL_CONVERSION = YES;
				CLANG_WARN_OBJC_IMPLICIT_RETAIN_SELF = YES;
				CLANG_WARN_OBJC_LITERAL_CONVERSION = YES;
				CLANG_WARN_OBJC_ROOT_CLASS = YES_ERROR;
				CLANG_WARN_QUOTED_INCLUDE_IN_FRAMEWORK_HEADER = YES;
				CLANG_WARN_RANGE_LOOP_ANALYSIS = YES;
				CLANG_WARN_STRICT_PROTOTYPES = YES;
				CLANG_WARN_SUSPICIOUS_MOVE = YES;
				CLANG_WARN_UNGUARDED_AVAILABILITY = YES_AGGRESSIVE;
				CLANG_WARN_UNREACHABLE_CODE = YES;
				CLANG_WARN__DUPLICATE_METHOD_MATCH = YES;
				COPY_PHASE_STRIP = NO;
				DEBUG_INFORMATION_FORMAT = dwarf;
				ENABLE_STRICT_OBJC_MSGSEND = YES;
				ENABLE_TESTABILITY = YES;
				GCC_C_LANGUAGE_STANDARD = gnu11;
				GCC_DYNAMIC_NO_PIC = NO;
				GCC_NO_COMMON_BLOCKS = YES;
				GCC_OPTIMIZATION_LEVEL = 0;
				GCC_PREPROCESSOR_DEFINITIONS = (
					"DEBUG=1",
					"$(inherited)",
				);
				GCC_WARN_64_TO_32_BIT_CONVERSION = YES;
				GCC_WARN_ABOUT_RETURN_TYPE = YES_ERROR;
				GCC_WARN_UNDECLARED_SELECTOR = YES;
				GCC_WARN_UNINITIALIZED_AUTOS = YES_AGGRESSIVE;
				GCC_WARN_UNUSED_FUNCTION = YES;
				GCC_WARN_UNUSED_VARIABLE = YES;
				IPHONEOS_DEPLOYMENT_TARGET = 15.0;
				MTL_ENABLE_DEBUG_INFO = INCLUDE_SOURCE;
				MTL_FAST_MATH = YES;
				ONLY_ACTIVE_ARCH = YES;
				SDKROOT = iphoneos;
				SWIFT_ACTIVE_COMPILATION_CONDITIONS = DEBUG;
				SWIFT_OPTIMIZATION_LEVEL = "-Onone";
			};
			name = Debug;
		};
		895D108527F32DCB009FB26F /* Release */ = {
			isa = XCBuildConfiguration;
			buildSettings = {
				ALWAYS_SEARCH_USER_PATHS = NO;
				CLANG_ANALYZER_NONNULL = YES;
				CLANG_ANALYZER_NUMBER_OBJECT_CONVERSION = YES_AGGRESSIVE;
				CLANG_CXX_LANGUAGE_STANDARD = "gnu++17";
				CLANG_CXX_LIBRARY = "libc++";
				CLANG_ENABLE_MODULES = YES;
				CLANG_ENABLE_OBJC_ARC = YES;
				CLANG_ENABLE_OBJC_WEAK = YES;
				CLANG_WARN_BLOCK_CAPTURE_AUTORELEASING = YES;
				CLANG_WARN_BOOL_CONVERSION = YES;
				CLANG_WARN_COMMA = YES;
				CLANG_WARN_CONSTANT_CONVERSION = YES;
				CLANG_WARN_DEPRECATED_OBJC_IMPLEMENTATIONS = YES;
				CLANG_WARN_DIRECT_OBJC_ISA_USAGE = YES_ERROR;
				CLANG_WARN_DOCUMENTATION_COMMENTS = YES;
				CLANG_WARN_EMPTY_BODY = YES;
				CLANG_WARN_ENUM_CONVERSION = YES;
				CLANG_WARN_INFINITE_RECURSION = YES;
				CLANG_WARN_INT_CONVERSION = YES;
				CLANG_WARN_NON_LITERAL_NULL_CONVERSION = YES;
				CLANG_WARN_OBJC_IMPLICIT_RETAIN_SELF = YES;
				CLANG_WARN_OBJC_LITERAL_CONVERSION = YES;
				CLANG_WARN_OBJC_ROOT_CLASS = YES_ERROR;
				CLANG_WARN_QUOTED_INCLUDE_IN_FRAMEWORK_HEADER = YES;
				CLANG_WARN_RANGE_LOOP_ANALYSIS = YES;
				CLANG_WARN_STRICT_PROTOTYPES = YES;
				CLANG_WARN_SUSPICIOUS_MOVE = YES;
				CLANG_WARN_UNGUARDED_AVAILABILITY = YES_AGGRESSIVE;
				CLANG_WARN_UNREACHABLE_CODE = YES;
				CLANG_WARN__DUPLICATE_METHOD_MATCH = YES;
				COPY_PHASE_STRIP = NO;
				DEBUG_INFORMATION_FORMAT = "dwarf-with-dsym";
				ENABLE_NS_ASSERTIONS = NO;
				ENABLE_STRICT_OBJC_MSGSEND = YES;
				GCC_C_LANGUAGE_STANDARD = gnu11;
				GCC_NO_COMMON_BLOCKS = YES;
				GCC_WARN_64_TO_32_BIT_CONVERSION = YES;
				GCC_WARN_ABOUT_RETURN_TYPE = YES_ERROR;
				GCC_WARN_UNDECLARED_SELECTOR = YES;
				GCC_WARN_UNINITIALIZED_AUTOS = YES_AGGRESSIVE;
				GCC_WARN_UNUSED_FUNCTION = YES;
				GCC_WARN_UNUSED_VARIABLE = YES;
				IPHONEOS_DEPLOYMENT_TARGET = 15.0;
				MTL_ENABLE_DEBUG_INFO = NO;
				MTL_FAST_MATH = YES;
				SDKROOT = iphoneos;
				SWIFT_COMPILATION_MODE = wholemodule;
				SWIFT_OPTIMIZATION_LEVEL = "-O";
				VALIDATE_PRODUCT = YES;
			};
			name = Release;
		};
		895D108727F32DCB009FB26F /* Debug */ = {
			isa = XCBuildConfiguration;
			baseConfigurationReference = 9B1B5B55E74C617CE7D0C8E1 /* Pods-ClassToday.debug.xcconfig */;
			buildSettings = {
				ASSETCATALOG_COMPILER_APPICON_NAME = AppIcon;
				ASSETCATALOG_COMPILER_GLOBAL_ACCENT_COLOR_NAME = AccentColor;
				CODE_SIGN_STYLE = Automatic;
				CURRENT_PROJECT_VERSION = 1;
				DEVELOPMENT_TEAM = UZ47X98976;
				GENERATE_INFOPLIST_FILE = YES;
				INFOPLIST_FILE = ClassToday/Info.plist;
				INFOPLIST_KEY_UIApplicationSupportsIndirectInputEvents = YES;
				INFOPLIST_KEY_UILaunchStoryboardName = LaunchScreen;
				INFOPLIST_KEY_UISupportedInterfaceOrientations_iPad = "UIInterfaceOrientationPortrait UIInterfaceOrientationPortraitUpsideDown UIInterfaceOrientationLandscapeLeft UIInterfaceOrientationLandscapeRight";
				INFOPLIST_KEY_UISupportedInterfaceOrientations_iPhone = "UIInterfaceOrientationPortrait UIInterfaceOrientationLandscapeLeft UIInterfaceOrientationLandscapeRight";
				IPHONEOS_DEPLOYMENT_TARGET = 14.0;
				LD_RUNPATH_SEARCH_PATHS = (
					"$(inherited)",
					"@executable_path/Frameworks",
				);
				MARKETING_VERSION = 1.0;
				PRODUCT_BUNDLE_IDENTIFIER = com.yescoachdev.ClassToday;
				PRODUCT_NAME = "$(TARGET_NAME)";
				SWIFT_EMIT_LOC_STRINGS = YES;
				SWIFT_VERSION = 5.0;
				TARGETED_DEVICE_FAMILY = "1,2";
			};
			name = Debug;
		};
		895D108827F32DCB009FB26F /* Release */ = {
			isa = XCBuildConfiguration;
			baseConfigurationReference = B4A6B5014A1414205450D390 /* Pods-ClassToday.release.xcconfig */;
			buildSettings = {
				ASSETCATALOG_COMPILER_APPICON_NAME = AppIcon;
				ASSETCATALOG_COMPILER_GLOBAL_ACCENT_COLOR_NAME = AccentColor;
				CODE_SIGN_STYLE = Automatic;
				CURRENT_PROJECT_VERSION = 1;
				DEVELOPMENT_TEAM = UZ47X98976;
				GENERATE_INFOPLIST_FILE = YES;
				INFOPLIST_FILE = ClassToday/Info.plist;
				INFOPLIST_KEY_UIApplicationSupportsIndirectInputEvents = YES;
				INFOPLIST_KEY_UILaunchStoryboardName = LaunchScreen;
				INFOPLIST_KEY_UISupportedInterfaceOrientations_iPad = "UIInterfaceOrientationPortrait UIInterfaceOrientationPortraitUpsideDown UIInterfaceOrientationLandscapeLeft UIInterfaceOrientationLandscapeRight";
				INFOPLIST_KEY_UISupportedInterfaceOrientations_iPhone = "UIInterfaceOrientationPortrait UIInterfaceOrientationLandscapeLeft UIInterfaceOrientationLandscapeRight";
				IPHONEOS_DEPLOYMENT_TARGET = 14.0;
				LD_RUNPATH_SEARCH_PATHS = (
					"$(inherited)",
					"@executable_path/Frameworks",
				);
				MARKETING_VERSION = 1.0;
				PRODUCT_BUNDLE_IDENTIFIER = com.yescoachdev.ClassToday;
				PRODUCT_NAME = "$(TARGET_NAME)";
				SWIFT_EMIT_LOC_STRINGS = YES;
				SWIFT_VERSION = 5.0;
				TARGETED_DEVICE_FAMILY = "1,2";
			};
			name = Release;
		};
/* End XCBuildConfiguration section */

/* Begin XCConfigurationList section */
		895D106D27F32DCA009FB26F /* Build configuration list for PBXProject "ClassToday" */ = {
			isa = XCConfigurationList;
			buildConfigurations = (
				895D108427F32DCB009FB26F /* Debug */,
				895D108527F32DCB009FB26F /* Release */,
			);
			defaultConfigurationIsVisible = 0;
			defaultConfigurationName = Release;
		};
		895D108627F32DCB009FB26F /* Build configuration list for PBXNativeTarget "ClassToday" */ = {
			isa = XCConfigurationList;
			buildConfigurations = (
				895D108727F32DCB009FB26F /* Debug */,
				895D108827F32DCB009FB26F /* Release */,
			);
			defaultConfigurationIsVisible = 0;
			defaultConfigurationName = Release;
		};
/* End XCConfigurationList section */

/* Begin XCRemoteSwiftPackageReference section */
		FCD0448727F334F20005C5B3 /* XCRemoteSwiftPackageReference "SnapKit" */ = {
			isa = XCRemoteSwiftPackageReference;
			repositoryURL = "https://github.com/SnapKit/SnapKit.git";
			requirement = {
				branch = develop;
				kind = branch;
			};
		};
		FCD0448A27F3351F0005C5B3 /* XCRemoteSwiftPackageReference "Alamofire" */ = {
			isa = XCRemoteSwiftPackageReference;
			repositoryURL = "https://github.com/Alamofire/Alamofire.git";
			requirement = {
				kind = upToNextMajorVersion;
				minimumVersion = 5.0.0;
			};
		};
		FCD0448D27F336450005C5B3 /* XCRemoteSwiftPackageReference "firebase-ios-sdk" */ = {
			isa = XCRemoteSwiftPackageReference;
			repositoryURL = "https://github.com/firebase/firebase-ios-sdk.git";
			requirement = {
				kind = upToNextMajorVersion;
				minimumVersion = 8.0.0;
			};
		};
/* End XCRemoteSwiftPackageReference section */

/* Begin XCSwiftPackageProductDependency section */
		FCD0448827F334F20005C5B3 /* SnapKit */ = {
			isa = XCSwiftPackageProductDependency;
			package = FCD0448727F334F20005C5B3 /* XCRemoteSwiftPackageReference "SnapKit" */;
			productName = SnapKit;
		};
		FCD0448B27F3351F0005C5B3 /* Alamofire */ = {
			isa = XCSwiftPackageProductDependency;
			package = FCD0448A27F3351F0005C5B3 /* XCRemoteSwiftPackageReference "Alamofire" */;
			productName = Alamofire;
		};
		FCD0448E27F336450005C5B3 /* FirebaseAuth */ = {
			isa = XCSwiftPackageProductDependency;
			package = FCD0448D27F336450005C5B3 /* XCRemoteSwiftPackageReference "firebase-ios-sdk" */;
			productName = FirebaseAuth;
		};
		FCD0449027F336450005C5B3 /* FirebaseFirestore */ = {
			isa = XCSwiftPackageProductDependency;
			package = FCD0448D27F336450005C5B3 /* XCRemoteSwiftPackageReference "firebase-ios-sdk" */;
			productName = FirebaseFirestore;
		};
		FCD0449227F336450005C5B3 /* FirebaseFirestoreSwift-Beta */ = {
			isa = XCSwiftPackageProductDependency;
			package = FCD0448D27F336450005C5B3 /* XCRemoteSwiftPackageReference "firebase-ios-sdk" */;
			productName = "FirebaseFirestoreSwift-Beta";
		};
		FCD0449427F336450005C5B3 /* FirebaseStorage */ = {
			isa = XCSwiftPackageProductDependency;
			package = FCD0448D27F336450005C5B3 /* XCRemoteSwiftPackageReference "firebase-ios-sdk" */;
			productName = FirebaseStorage;
		};
/* End XCSwiftPackageProductDependency section */
	};
	rootObject = 895D106A27F32DCA009FB26F /* Project object */;
}
